// !$*UTF8*$!
{
	archiveVersion = 1;
	classes = {
	};
	objectVersion = 46;
	objects = {

/* Begin PBXAggregateTarget section */
		06766FB7CBB1428F914BD76C /* ALL_BUILD */ = {
			isa = PBXAggregateTarget;
			buildConfigurationList = 040DEC1F39C34AA19CBEE656 /* Build configuration list for PBXAggregateTarget "ALL_BUILD" */;
			buildPhases = (
				D6D3C22C0EE54C48B883FBE9 /* CMake Rules */,
			);
			dependencies = (
				6EBE9ABF7B054CD984158A31 /* PBXTargetDependency */,
				9068FB9A98694A8083E33D98 /* PBXTargetDependency */,
			);
			name = ALL_BUILD;
			productName = ALL_BUILD;
		};
		E693E88DF125498EA646D65F /* ZERO_CHECK */ = {
			isa = PBXAggregateTarget;
			buildConfigurationList = 91FC17474E9749EE87A6D181 /* Build configuration list for PBXAggregateTarget "ZERO_CHECK" */;
			buildPhases = (
				133935E4786147CAAF361E40 /* CMake Rules */,
			);
			dependencies = (
			);
			name = ZERO_CHECK;
			productName = ZERO_CHECK;
		};
/* End PBXAggregateTarget section */

/* Begin PBXBuildFile section */
		1A6EB90604F24A15B84838C4 /* tools.cpp in Sources */ = {isa = PBXBuildFile; fileRef = CD5CBED74B1646F59A2765A7 /* tools.cpp */; };
		6717E86C17754F779EEE8511 /* kalman_filter.cpp in Sources */ = {isa = PBXBuildFile; fileRef = 89F00EC73C8745A4930621E2 /* kalman_filter.cpp */; };
		9B24EC1B8D924ACA8F0E1689 /* FusionEKF.cpp in Sources */ = {isa = PBXBuildFile; fileRef = 8DA6771784214589B1F7BE57 /* FusionEKF.cpp */; };
		DB6756846A61485387BC8A2C /* main.cpp in Sources */ = {isa = PBXBuildFile; fileRef = A7C67A4BE4554FDA9B33816C /* main.cpp */; };
/* End PBXBuildFile section */

/* Begin PBXContainerItemProxy section */
		5DC6F85DE49B42D99191DA20 /* PBXContainerItemProxy */ = {
			isa = PBXContainerItemProxy;
			containerPortal = 65DEDCBDB31C47D18BB35728 /* Project object */;
			proxyType = 1;
			remoteGlobalIDString = E693E88DF125498EA646D65F;
			remoteInfo = ZERO_CHECK;
		};
		C4E3DFFFBCA447CD898C2645 /* PBXContainerItemProxy */ = {
			isa = PBXContainerItemProxy;
			containerPortal = 65DEDCBDB31C47D18BB35728 /* Project object */;
			proxyType = 1;
			remoteGlobalIDString = E693E88DF125498EA646D65F;
			remoteInfo = ZERO_CHECK;
		};
		C56D6CF51EC1462EB648FBD6 /* PBXContainerItemProxy */ = {
			isa = PBXContainerItemProxy;
			containerPortal = 65DEDCBDB31C47D18BB35728 /* Project object */;
			proxyType = 1;
			remoteGlobalIDString = 75CCC67F90B74FB4A4A07781;
			remoteInfo = ExtendedKF;
		};
/* End PBXContainerItemProxy section */

/* Begin PBXFileReference section */
		0C48BA6650A9478E90797BB7 /* CMakeLists.txt */ = {isa = PBXFileReference; explicitFileType = sourcecode.text; fileEncoding = 4; lastKnownFileType = text; path = CMakeLists.txt; sourceTree = SOURCE_ROOT; };
		19C5C4B41E94D1DC004735FA /* sample-laser-radar-measurement-data-1.txt */ = {isa = PBXFileReference; lastKnownFileType = text; name = "sample-laser-radar-measurement-data-1.txt"; path = "data/sample-laser-radar-measurement-data-1.txt"; sourceTree = "<group>"; };
		19C5C4B51E94D1DC004735FA /* sample-laser-radar-measurement-data-2.txt */ = {isa = PBXFileReference; lastKnownFileType = text; name = "sample-laser-radar-measurement-data-2.txt"; path = "data/sample-laser-radar-measurement-data-2.txt"; sourceTree = "<group>"; };
		50487B13452A432DA68654E5 /* ExtendedKF */ = {isa = PBXFileReference; explicitFileType = "compiled.mach-o.executable"; path = ExtendedKF; sourceTree = BUILT_PRODUCTS_DIR; };
		85847B99B14C46B68A035FE4 /* CMakeLists.txt */ = {isa = PBXFileReference; explicitFileType = sourcecode.text; fileEncoding = 4; lastKnownFileType = text; path = CMakeLists.txt; sourceTree = SOURCE_ROOT; };
		89F00EC73C8745A4930621E2 /* kalman_filter.cpp */ = {isa = PBXFileReference; explicitFileType = sourcecode.cpp.cpp; fileEncoding = 4; name = kalman_filter.cpp; path = src/kalman_filter.cpp; sourceTree = SOURCE_ROOT; };
		8DA6771784214589B1F7BE57 /* FusionEKF.cpp */ = {isa = PBXFileReference; explicitFileType = sourcecode.cpp.cpp; fileEncoding = 4; name = FusionEKF.cpp; path = src/FusionEKF.cpp; sourceTree = SOURCE_ROOT; };
		90DFAAEE21664D538CCFA597 /* CMakeLists.txt */ = {isa = PBXFileReference; explicitFileType = sourcecode.text; fileEncoding = 4; lastKnownFileType = text; path = CMakeLists.txt; sourceTree = SOURCE_ROOT; };
		A7C67A4BE4554FDA9B33816C /* main.cpp */ = {isa = PBXFileReference; explicitFileType = sourcecode.cpp.cpp; fileEncoding = 4; name = main.cpp; path = src/main.cpp; sourceTree = SOURCE_ROOT; };
		CD5CBED74B1646F59A2765A7 /* tools.cpp */ = {isa = PBXFileReference; explicitFileType = sourcecode.cpp.cpp; fileEncoding = 4; name = tools.cpp; path = src/tools.cpp; sourceTree = SOURCE_ROOT; };
/* End PBXFileReference section */

/* Begin PBXGroup section */
		08FB6912ED5040E79F71B16F /* Source Files */ = {
			isa = PBXGroup;
			children = (
				8DA6771784214589B1F7BE57 /* FusionEKF.cpp */,
				89F00EC73C8745A4930621E2 /* kalman_filter.cpp */,
				A7C67A4BE4554FDA9B33816C /* main.cpp */,
				CD5CBED74B1646F59A2765A7 /* tools.cpp */,
			);
			name = "Source Files";
			sourceTree = "<group>";
		};
		0EE840127EEC4637A4355179 /* Products */ = {
			isa = PBXGroup;
			children = (
				50487B13452A432DA68654E5 /* ExtendedKF */,
			);
			name = Products;
			sourceTree = "<group>";
		};
		543B3A3526EE4A0F80DA88A6 /* Sources */ = {
			isa = PBXGroup;
			children = (
				EBB401F9AA2A42C8BA841543 /* ExtendedKF */,
				A9E55790BAC941D0B7B8C1FB /* ALL_BUILD */,
				835299D6895B42F69FB6EB17 /* ZERO_CHECK */,
			);
			name = Sources;
			sourceTree = "<group>";
		};
		835299D6895B42F69FB6EB17 /* ZERO_CHECK */ = {
			isa = PBXGroup;
			children = (
				EFCCA311D84B431990F9440E /* CMake Rules */,
				90DFAAEE21664D538CCFA597 /* CMakeLists.txt */,
			);
			name = ZERO_CHECK;
			sourceTree = "<group>";
		};
		A57A388743754C7F8C862ABB = {
			isa = PBXGroup;
			children = (
				543B3A3526EE4A0F80DA88A6 /* Sources */,
				B0B774013C574DED80A62B94 /* Resources */,
				0EE840127EEC4637A4355179 /* Products */,
				19C5C4B41E94D1DC004735FA /* sample-laser-radar-measurement-data-1.txt */,
				19C5C4B51E94D1DC004735FA /* sample-laser-radar-measurement-data-2.txt */,
			);
			sourceTree = "<group>";
		};
		A9E55790BAC941D0B7B8C1FB /* ALL_BUILD */ = {
			isa = PBXGroup;
			children = (
				E10ECC8A4B224273BA8B89BF /* CMake Rules */,
				85847B99B14C46B68A035FE4 /* CMakeLists.txt */,
			);
			name = ALL_BUILD;
			sourceTree = "<group>";
		};
		B0B774013C574DED80A62B94 /* Resources */ = {
			isa = PBXGroup;
			children = (
			);
			name = Resources;
			sourceTree = "<group>";
		};
		E10ECC8A4B224273BA8B89BF /* CMake Rules */ = {
			isa = PBXGroup;
			children = (
			);
			name = "CMake Rules";
			sourceTree = "<group>";
		};
		EBB401F9AA2A42C8BA841543 /* ExtendedKF */ = {
			isa = PBXGroup;
			children = (
				08FB6912ED5040E79F71B16F /* Source Files */,
				0C48BA6650A9478E90797BB7 /* CMakeLists.txt */,
			);
			name = ExtendedKF;
			sourceTree = "<group>";
		};
		EFCCA311D84B431990F9440E /* CMake Rules */ = {
			isa = PBXGroup;
			children = (
			);
			name = "CMake Rules";
			sourceTree = "<group>";
		};
/* End PBXGroup section */

/* Begin PBXNativeTarget section */
		75CCC67F90B74FB4A4A07781 /* ExtendedKF */ = {
			isa = PBXNativeTarget;
			buildConfigurationList = 4F7C6F906D6D42DB9AFFC3A7 /* Build configuration list for PBXNativeTarget "ExtendedKF" */;
			buildPhases = (
				505C61AD38B34D0C9EBAC59B /* Sources */,
			);
			buildRules = (
			);
			dependencies = (
				B08C17CFDE274084842AAE66 /* PBXTargetDependency */,
			);
			name = ExtendedKF;
			productName = ExtendedKF;
			productReference = 50487B13452A432DA68654E5 /* ExtendedKF */;
			productType = "com.apple.product-type.tool";
		};
/* End PBXNativeTarget section */

/* Begin PBXProject section */
		65DEDCBDB31C47D18BB35728 /* Project object */ = {
			isa = PBXProject;
			attributes = {
				BuildIndependentTargetsInParallel = YES;
				LastUpgradeCheck = 0820;
			};
			buildConfigurationList = 581FAA0873744C24B711F9BD /* Build configuration list for PBXProject "ExtendedKF" */;
			compatibilityVersion = "Xcode 3.2";
			developmentRegion = English;
			hasScannedForEncodings = 0;
			knownRegions = (
				en,
			);
			mainGroup = A57A388743754C7F8C862ABB;
			projectDirPath = ../../;
			projectRoot = "";
			targets = (
				06766FB7CBB1428F914BD76C /* ALL_BUILD */,
				75CCC67F90B74FB4A4A07781 /* ExtendedKF */,
				E693E88DF125498EA646D65F /* ZERO_CHECK */,
			);
		};
/* End PBXProject section */

/* Begin PBXShellScriptBuildPhase section */
		133935E4786147CAAF361E40 /* CMake Rules */ = {
			isa = PBXShellScriptBuildPhase;
			buildActionMask = 2147483647;
			files = (
			);
			name = "CMake Rules";
			runOnlyForDeploymentPostprocessing = 0;
			shellPath = /bin/sh;
			shellScript = "make -C /Users/kevinlu/Documents/Udacity-Self-Driving-CarND/Part\\ 2/CarND-Extended-Kalman-Filter-Project/ide_profiles/xcode -f /Users/kevinlu/Documents/Udacity-Self-Driving-CarND/Part\\ 2/CarND-Extended-Kalman-Filter-Project/ide_profiles/xcode/CMakeScripts/ZERO_CHECK_cmakeRulesBuildPhase.make$CONFIGURATION all";
			showEnvVarsInLog = 0;
		};
		D6D3C22C0EE54C48B883FBE9 /* CMake Rules */ = {
			isa = PBXShellScriptBuildPhase;
			buildActionMask = 2147483647;
			files = (
			);
			name = "CMake Rules";
			runOnlyForDeploymentPostprocessing = 0;
			shellPath = /bin/sh;
			shellScript = "make -C /Users/kevinlu/Documents/Udacity-Self-Driving-CarND/Part\\ 2/CarND-Extended-Kalman-Filter-Project/ide_profiles/xcode -f /Users/kevinlu/Documents/Udacity-Self-Driving-CarND/Part\\ 2/CarND-Extended-Kalman-Filter-Project/ide_profiles/xcode/CMakeScripts/ALL_BUILD_cmakeRulesBuildPhase.make$CONFIGURATION all";
			showEnvVarsInLog = 0;
		};
/* End PBXShellScriptBuildPhase section */

/* Begin PBXSourcesBuildPhase section */
		505C61AD38B34D0C9EBAC59B /* Sources */ = {
			isa = PBXSourcesBuildPhase;
			buildActionMask = 2147483647;
			files = (
				9B24EC1B8D924ACA8F0E1689 /* FusionEKF.cpp in Sources */,
				6717E86C17754F779EEE8511 /* kalman_filter.cpp in Sources */,
				DB6756846A61485387BC8A2C /* main.cpp in Sources */,
				1A6EB90604F24A15B84838C4 /* tools.cpp in Sources */,
			);
			runOnlyForDeploymentPostprocessing = 0;
		};
/* End PBXSourcesBuildPhase section */

/* Begin PBXTargetDependency section */
		6EBE9ABF7B054CD984158A31 /* PBXTargetDependency */ = {
			isa = PBXTargetDependency;
			target = E693E88DF125498EA646D65F /* ZERO_CHECK */;
			targetProxy = 5DC6F85DE49B42D99191DA20 /* PBXContainerItemProxy */;
		};
		9068FB9A98694A8083E33D98 /* PBXTargetDependency */ = {
			isa = PBXTargetDependency;
			target = 75CCC67F90B74FB4A4A07781 /* ExtendedKF */;
			targetProxy = C56D6CF51EC1462EB648FBD6 /* PBXContainerItemProxy */;
		};
		B08C17CFDE274084842AAE66 /* PBXTargetDependency */ = {
			isa = PBXTargetDependency;
			target = E693E88DF125498EA646D65F /* ZERO_CHECK */;
			targetProxy = C4E3DFFFBCA447CD898C2645 /* PBXContainerItemProxy */;
		};
/* End PBXTargetDependency section */

/* Begin XCBuildConfiguration section */
		0EE27B014FF64C0BAD2538B1 /* MinSizeRel */ = {
			isa = XCBuildConfiguration;
			buildSettings = {
				COMBINE_HIDPI_IMAGES = YES;
				EXECUTABLE_PREFIX = "";
				EXECUTABLE_SUFFIX = "";
				GCC_GENERATE_DEBUGGING_SYMBOLS = NO;
				GCC_INLINES_ARE_PRIVATE_EXTERN = NO;
				GCC_OPTIMIZATION_LEVEL = s;
				GCC_PREPROCESSOR_DEFINITIONS = "'CMAKE_INTDIR=\"$(CONFIGURATION)$(EFFECTIVE_PLATFORM_NAME)\"'";
				GCC_SYMBOLS_PRIVATE_EXTERN = NO;
				INSTALL_PATH = "";
				LIBRARY_SEARCH_PATHS = "";
				OTHER_CPLUSPLUSFLAGS = (
					"-DNDEBUG",
					"-std=c++0x",
				);
				OTHER_LDFLAGS = (
					"-Wl,-search_paths_first",
					"-Wl,-headerpad_max_install_names",
				);
				OTHER_REZFLAGS = "";
				PRODUCT_NAME = ExtendedKF;
				SECTORDER_FLAGS = "";
				SYMROOT = "/Users/kevinlu/Documents/Udacity-Self-Driving-CarND/Part 2/CarND-Extended-Kalman-Filter-Project/ide_profiles/xcode";
				USE_HEADERMAP = NO;
				WARNING_CFLAGS = (
					"-Wmost",
					"-Wno-four-char-constants",
					"-Wno-unknown-pragmas",
					"$(inherited)",
				);
			};
			name = MinSizeRel;
		};
		1041D8ECC8D440F0A0AFD02A /* Release */ = {
			isa = XCBuildConfiguration;
			buildSettings = {
				COMBINE_HIDPI_IMAGES = YES;
				GCC_GENERATE_DEBUGGING_SYMBOLS = YES;
				GCC_INLINES_ARE_PRIVATE_EXTERN = NO;
				GCC_OPTIMIZATION_LEVEL = 0;
				GCC_PREPROCESSOR_DEFINITIONS = "'CMAKE_INTDIR=\"$(CONFIGURATION)$(EFFECTIVE_PLATFORM_NAME)\"'";
				GCC_SYMBOLS_PRIVATE_EXTERN = NO;
				INSTALL_PATH = "";
				OTHER_LDFLAGS = " ";
				OTHER_REZFLAGS = "";
				PRODUCT_NAME = ZERO_CHECK;
				SECTORDER_FLAGS = "";
				SYMROOT = "/Users/kevinlu/Documents/Udacity-Self-Driving-CarND/Part 2/CarND-Extended-Kalman-Filter-Project/ide_profiles/xcode";
				USE_HEADERMAP = NO;
				WARNING_CFLAGS = (
					"-Wmost",
					"-Wno-four-char-constants",
					"-Wno-unknown-pragmas",
					"$(inherited)",
				);
			};
			name = Release;
		};
		1DBF34D74EFC41A18BAD9BAF /* RelWithDebInfo */ = {
			isa = XCBuildConfiguration;
			buildSettings = {
				COMBINE_HIDPI_IMAGES = YES;
				EXECUTABLE_PREFIX = "";
				EXECUTABLE_SUFFIX = "";
				GCC_GENERATE_DEBUGGING_SYMBOLS = YES;
				GCC_INLINES_ARE_PRIVATE_EXTERN = NO;
				GCC_OPTIMIZATION_LEVEL = 2;
				GCC_PREPROCESSOR_DEFINITIONS = "'CMAKE_INTDIR=\"$(CONFIGURATION)$(EFFECTIVE_PLATFORM_NAME)\"'";
				GCC_SYMBOLS_PRIVATE_EXTERN = NO;
				INSTALL_PATH = "";
				LIBRARY_SEARCH_PATHS = "";
				OTHER_CPLUSPLUSFLAGS = (
					"-DNDEBUG",
					"-std=c++0x",
				);
				OTHER_LDFLAGS = (
					"-Wl,-search_paths_first",
					"-Wl,-headerpad_max_install_names",
				);
				OTHER_REZFLAGS = "";
				PRODUCT_NAME = ExtendedKF;
				SECTORDER_FLAGS = "";
				SYMROOT = "/Users/kevinlu/Documents/Udacity-Self-Driving-CarND/Part 2/CarND-Extended-Kalman-Filter-Project/ide_profiles/xcode";
				USE_HEADERMAP = NO;
				WARNING_CFLAGS = (
					"-Wmost",
					"-Wno-four-char-constants",
					"-Wno-unknown-pragmas",
					"$(inherited)",
				);
			};
			name = RelWithDebInfo;
		};
		2866DB56F73D4296980E8535 /* Debug */ = {
			isa = XCBuildConfiguration;
			buildSettings = {
				COMBINE_HIDPI_IMAGES = YES;
				GCC_GENERATE_DEBUGGING_SYMBOLS = YES;
				GCC_INLINES_ARE_PRIVATE_EXTERN = NO;
				GCC_OPTIMIZATION_LEVEL = 0;
				GCC_PREPROCESSOR_DEFINITIONS = "'CMAKE_INTDIR=\"$(CONFIGURATION)$(EFFECTIVE_PLATFORM_NAME)\"'";
				GCC_SYMBOLS_PRIVATE_EXTERN = NO;
				INSTALL_PATH = "";
				OTHER_LDFLAGS = " ";
				OTHER_REZFLAGS = "";
				PRODUCT_NAME = ZERO_CHECK;
				SECTORDER_FLAGS = "";
				SYMROOT = "/Users/kevinlu/Documents/Udacity-Self-Driving-CarND/Part 2/CarND-Extended-Kalman-Filter-Project/ide_profiles/xcode";
				USE_HEADERMAP = NO;
				WARNING_CFLAGS = (
					"-Wmost",
					"-Wno-four-char-constants",
					"-Wno-unknown-pragmas",
					"$(inherited)",
				);
			};
			name = Debug;
		};
		2D16A3D2900F4694974E983A /* Release */ = {
			isa = XCBuildConfiguration;
			buildSettings = {
				COMBINE_HIDPI_IMAGES = YES;
				EXECUTABLE_PREFIX = "";
				EXECUTABLE_SUFFIX = "";
				GCC_GENERATE_DEBUGGING_SYMBOLS = NO;
				GCC_INLINES_ARE_PRIVATE_EXTERN = NO;
				GCC_OPTIMIZATION_LEVEL = 3;
				GCC_PREPROCESSOR_DEFINITIONS = "'CMAKE_INTDIR=\"$(CONFIGURATION)$(EFFECTIVE_PLATFORM_NAME)\"'";
				GCC_SYMBOLS_PRIVATE_EXTERN = NO;
				INSTALL_PATH = "";
				LIBRARY_SEARCH_PATHS = "";
				OTHER_CPLUSPLUSFLAGS = (
					"-DNDEBUG",
					"-std=c++0x",
				);
				OTHER_LDFLAGS = (
					"-Wl,-search_paths_first",
					"-Wl,-headerpad_max_install_names",
				);
				OTHER_REZFLAGS = "";
				PRODUCT_NAME = ExtendedKF;
				SECTORDER_FLAGS = "";
				SYMROOT = "/Users/kevinlu/Documents/Udacity-Self-Driving-CarND/Part 2/CarND-Extended-Kalman-Filter-Project/ide_profiles/xcode";
				USE_HEADERMAP = NO;
				WARNING_CFLAGS = (
					"-Wmost",
					"-Wno-four-char-constants",
					"-Wno-unknown-pragmas",
					"$(inherited)",
				);
			};
			name = Release;
		};
		39868CA57E9F47EF9F8172BC /* Debug */ = {
			isa = XCBuildConfiguration;
			buildSettings = {
				COMBINE_HIDPI_IMAGES = YES;
				EXECUTABLE_PREFIX = "";
				EXECUTABLE_SUFFIX = "";
				GCC_GENERATE_DEBUGGING_SYMBOLS = YES;
				GCC_INLINES_ARE_PRIVATE_EXTERN = NO;
				GCC_OPTIMIZATION_LEVEL = 0;
				GCC_PREPROCESSOR_DEFINITIONS = "'CMAKE_INTDIR=\"$(CONFIGURATION)$(EFFECTIVE_PLATFORM_NAME)\"'";
				GCC_SYMBOLS_PRIVATE_EXTERN = NO;
				INSTALL_PATH = "";
				LIBRARY_SEARCH_PATHS = "";
				OTHER_CPLUSPLUSFLAGS = "     -std=c++0x";
				OTHER_LDFLAGS = (
					"-Wl,-search_paths_first",
					"-Wl,-headerpad_max_install_names",
				);
				OTHER_REZFLAGS = "";
				PRODUCT_NAME = ExtendedKF;
				SECTORDER_FLAGS = "";
				SYMROOT = "/Users/kevinlu/Documents/Udacity-Self-Driving-CarND/Part 2/CarND-Extended-Kalman-Filter-Project/ide_profiles/xcode";
				USE_HEADERMAP = NO;
				WARNING_CFLAGS = (
					"-Wmost",
					"-Wno-four-char-constants",
					"-Wno-unknown-pragmas",
					"$(inherited)",
				);
			};
			name = Debug;
		};
		3BDE8E7D89894B43B70B698A /* MinSizeRel */ = {
			isa = XCBuildConfiguration;
			buildSettings = {
				COMBINE_HIDPI_IMAGES = YES;
				GCC_GENERATE_DEBUGGING_SYMBOLS = YES;
				GCC_INLINES_ARE_PRIVATE_EXTERN = NO;
				GCC_OPTIMIZATION_LEVEL = 0;
				GCC_PREPROCESSOR_DEFINITIONS = "'CMAKE_INTDIR=\"$(CONFIGURATION)$(EFFECTIVE_PLATFORM_NAME)\"'";
				GCC_SYMBOLS_PRIVATE_EXTERN = NO;
				INSTALL_PATH = "";
				OTHER_LDFLAGS = " ";
				OTHER_REZFLAGS = "";
				PRODUCT_NAME = ZERO_CHECK;
				SECTORDER_FLAGS = "";
				SYMROOT = "/Users/kevinlu/Documents/Udacity-Self-Driving-CarND/Part 2/CarND-Extended-Kalman-Filter-Project/ide_profiles/xcode";
				USE_HEADERMAP = NO;
				WARNING_CFLAGS = (
					"-Wmost",
					"-Wno-four-char-constants",
					"-Wno-unknown-pragmas",
					"$(inherited)",
				);
			};
			name = MinSizeRel;
		};
		40772997FA95455C858B0746 /* Release */ = {
			isa = XCBuildConfiguration;
			buildSettings = {
				ONLY_ACTIVE_ARCH = YES;
				SDKROOT = /Applications/Xcode.app/Contents/Developer/Platforms/MacOSX.platform/Developer/SDKs/MacOSX10.12.sdk;
				SYMROOT = "/Users/kevinlu/Documents/Udacity-Self-Driving-CarND/Part 2/CarND-Extended-Kalman-Filter-Project/ide_profiles/xcode/build";
			};
			name = Release;
		};
		5F8C0B0D9A654D199DA04949 /* Release */ = {
			isa = XCBuildConfiguration;
			buildSettings = {
				COMBINE_HIDPI_IMAGES = YES;
				GCC_GENERATE_DEBUGGING_SYMBOLS = YES;
				GCC_INLINES_ARE_PRIVATE_EXTERN = NO;
				GCC_OPTIMIZATION_LEVEL = 0;
				GCC_PREPROCESSOR_DEFINITIONS = "'CMAKE_INTDIR=\"$(CONFIGURATION)$(EFFECTIVE_PLATFORM_NAME)\"'";
				GCC_SYMBOLS_PRIVATE_EXTERN = NO;
				INSTALL_PATH = "";
				OTHER_LDFLAGS = " ";
				OTHER_REZFLAGS = "";
				PRODUCT_NAME = ALL_BUILD;
				SECTORDER_FLAGS = "";
				SYMROOT = "/Users/kevinlu/Documents/Udacity-Self-Driving-CarND/Part 2/CarND-Extended-Kalman-Filter-Project/ide_profiles/xcode";
				USE_HEADERMAP = NO;
				WARNING_CFLAGS = (
					"-Wmost",
					"-Wno-four-char-constants",
					"-Wno-unknown-pragmas",
					"$(inherited)",
				);
			};
			name = Release;
		};
		770535276F5F4314BA3DB9FC /* RelWithDebInfo */ = {
			isa = XCBuildConfiguration;
			buildSettings = {
				COMBINE_HIDPI_IMAGES = YES;
				GCC_GENERATE_DEBUGGING_SYMBOLS = YES;
				GCC_INLINES_ARE_PRIVATE_EXTERN = NO;
				GCC_OPTIMIZATION_LEVEL = 0;
				GCC_PREPROCESSOR_DEFINITIONS = "'CMAKE_INTDIR=\"$(CONFIGURATION)$(EFFECTIVE_PLATFORM_NAME)\"'";
				GCC_SYMBOLS_PRIVATE_EXTERN = NO;
				INSTALL_PATH = "";
				OTHER_LDFLAGS = " ";
				OTHER_REZFLAGS = "";
				PRODUCT_NAME = ZERO_CHECK;
				SECTORDER_FLAGS = "";
				SYMROOT = "/Users/kevinlu/Documents/Udacity-Self-Driving-CarND/Part 2/CarND-Extended-Kalman-Filter-Project/ide_profiles/xcode";
				USE_HEADERMAP = NO;
				WARNING_CFLAGS = (
					"-Wmost",
					"-Wno-four-char-constants",
					"-Wno-unknown-pragmas",
					"$(inherited)",
				);
			};
			name = RelWithDebInfo;
		};
		832F30EAC5704C3DA12473AE /* RelWithDebInfo */ = {
			isa = XCBuildConfiguration;
			buildSettings = {
				COMBINE_HIDPI_IMAGES = YES;
				GCC_GENERATE_DEBUGGING_SYMBOLS = YES;
				GCC_INLINES_ARE_PRIVATE_EXTERN = NO;
				GCC_OPTIMIZATION_LEVEL = 0;
				GCC_PREPROCESSOR_DEFINITIONS = "'CMAKE_INTDIR=\"$(CONFIGURATION)$(EFFECTIVE_PLATFORM_NAME)\"'";
				GCC_SYMBOLS_PRIVATE_EXTERN = NO;
				INSTALL_PATH = "";
				OTHER_LDFLAGS = " ";
				OTHER_REZFLAGS = "";
				PRODUCT_NAME = ALL_BUILD;
				SECTORDER_FLAGS = "";
				SYMROOT = "/Users/kevinlu/Documents/Udacity-Self-Driving-CarND/Part 2/CarND-Extended-Kalman-Filter-Project/ide_profiles/xcode";
				USE_HEADERMAP = NO;
				WARNING_CFLAGS = (
					"-Wmost",
					"-Wno-four-char-constants",
					"-Wno-unknown-pragmas",
					"$(inherited)",
				);
			};
			name = RelWithDebInfo;
		};
		8DBE02CA38F14619867692A7 /* RelWithDebInfo */ = {
			isa = XCBuildConfiguration;
			buildSettings = {
				ONLY_ACTIVE_ARCH = YES;
				SDKROOT = /Applications/Xcode.app/Contents/Developer/Platforms/MacOSX.platform/Developer/SDKs/MacOSX10.12.sdk;
				SYMROOT = "/Users/kevinlu/Documents/Udacity-Self-Driving-CarND/Part 2/CarND-Extended-Kalman-Filter-Project/ide_profiles/xcode/build";
			};
			name = RelWithDebInfo;
		};
		91C39C199CD343688E5A7EB0 /* MinSizeRel */ = {
			isa = XCBuildConfiguration;
			buildSettings = {
				COMBINE_HIDPI_IMAGES = YES;
				GCC_GENERATE_DEBUGGING_SYMBOLS = YES;
				GCC_INLINES_ARE_PRIVATE_EXTERN = NO;
				GCC_OPTIMIZATION_LEVEL = 0;
				GCC_PREPROCESSOR_DEFINITIONS = "'CMAKE_INTDIR=\"$(CONFIGURATION)$(EFFECTIVE_PLATFORM_NAME)\"'";
				GCC_SYMBOLS_PRIVATE_EXTERN = NO;
				INSTALL_PATH = "";
				OTHER_LDFLAGS = " ";
				OTHER_REZFLAGS = "";
				PRODUCT_NAME = ALL_BUILD;
				SECTORDER_FLAGS = "";
				SYMROOT = "/Users/kevinlu/Documents/Udacity-Self-Driving-CarND/Part 2/CarND-Extended-Kalman-Filter-Project/ide_profiles/xcode";
				USE_HEADERMAP = NO;
				WARNING_CFLAGS = (
					"-Wmost",
					"-Wno-four-char-constants",
					"-Wno-unknown-pragmas",
					"$(inherited)",
				);
			};
			name = MinSizeRel;
		};
		C18AA68A33134BEC9B8DA5C4 /* MinSizeRel */ = {
			isa = XCBuildConfiguration;
			buildSettings = {
				ONLY_ACTIVE_ARCH = YES;
				SDKROOT = /Applications/Xcode.app/Contents/Developer/Platforms/MacOSX.platform/Developer/SDKs/MacOSX10.12.sdk;
				SYMROOT = "/Users/kevinlu/Documents/Udacity-Self-Driving-CarND/Part 2/CarND-Extended-Kalman-Filter-Project/ide_profiles/xcode/build";
			};
			name = MinSizeRel;
		};
		C26A3F6C7E1E4911959AC5A7 /* Debug */ = {
			isa = XCBuildConfiguration;
			buildSettings = {
				ONLY_ACTIVE_ARCH = YES;
				SDKROOT = /Applications/Xcode.app/Contents/Developer/Platforms/MacOSX.platform/Developer/SDKs/MacOSX10.12.sdk;
				SYMROOT = "/Users/kevinlu/Documents/Udacity-Self-Driving-CarND/Part 2/CarND-Extended-Kalman-Filter-Project/ide_profiles/xcode/build";
			};
			name = Debug;
		};
		D59FF622E0444CAB87C32FA1 /* Debug */ = {
			isa = XCBuildConfiguration;
			buildSettings = {
				COMBINE_HIDPI_IMAGES = YES;
				GCC_GENERATE_DEBUGGING_SYMBOLS = YES;
				GCC_INLINES_ARE_PRIVATE_EXTERN = NO;
				GCC_OPTIMIZATION_LEVEL = 0;
				GCC_PREPROCESSOR_DEFINITIONS = "'CMAKE_INTDIR=\"$(CONFIGURATION)$(EFFECTIVE_PLATFORM_NAME)\"'";
				GCC_SYMBOLS_PRIVATE_EXTERN = NO;
				INSTALL_PATH = "";
				OTHER_LDFLAGS = " ";
				OTHER_REZFLAGS = "";
				PRODUCT_NAME = ALL_BUILD;
				SECTORDER_FLAGS = "";
				SYMROOT = "/Users/kevinlu/Documents/Udacity-Self-Driving-CarND/Part 2/CarND-Extended-Kalman-Filter-Project/ide_profiles/xcode";
				USE_HEADERMAP = NO;
				WARNING_CFLAGS = (
					"-Wmost",
					"-Wno-four-char-constants",
					"-Wno-unknown-pragmas",
					"$(inherited)",
				);
			};
			name = Debug;
		};
/* End XCBuildConfiguration section */

/* Begin XCConfigurationList section */
		040DEC1F39C34AA19CBEE656 /* Build configuration list for PBXAggregateTarget "ALL_BUILD" */ = {
			isa = XCConfigurationList;
			buildConfigurations = (
				D59FF622E0444CAB87C32FA1 /* Debug */,
				5F8C0B0D9A654D199DA04949 /* Release */,
				91C39C199CD343688E5A7EB0 /* MinSizeRel */,
				832F30EAC5704C3DA12473AE /* RelWithDebInfo */,
			);
			defaultConfigurationIsVisible = 0;
			defaultConfigurationName = Debug;
		};
		4F7C6F906D6D42DB9AFFC3A7 /* Build configuration list for PBXNativeTarget "ExtendedKF" */ = {
			isa = XCConfigurationList;
			buildConfigurations = (
				39868CA57E9F47EF9F8172BC /* Debug */,
				2D16A3D2900F4694974E983A /* Release */,
				0EE27B014FF64C0BAD2538B1 /* MinSizeRel */,
				1DBF34D74EFC41A18BAD9BAF /* RelWithDebInfo */,
			);
			defaultConfigurationIsVisible = 0;
			defaultConfigurationName = Debug;
		};
		581FAA0873744C24B711F9BD /* Build configuration list for PBXProject "ExtendedKF" */ = {
			isa = XCConfigurationList;
			buildConfigurations = (
				C26A3F6C7E1E4911959AC5A7 /* Debug */,
				40772997FA95455C858B0746 /* Release */,
				C18AA68A33134BEC9B8DA5C4 /* MinSizeRel */,
				8DBE02CA38F14619867692A7 /* RelWithDebInfo */,
			);
			defaultConfigurationIsVisible = 0;
			defaultConfigurationName = Debug;
		};
		91FC17474E9749EE87A6D181 /* Build configuration list for PBXAggregateTarget "ZERO_CHECK" */ = {
			isa = XCConfigurationList;
			buildConfigurations = (
				2866DB56F73D4296980E8535 /* Debug */,
				1041D8ECC8D440F0A0AFD02A /* Release */,
				3BDE8E7D89894B43B70B698A /* MinSizeRel */,
				770535276F5F4314BA3DB9FC /* RelWithDebInfo */,
			);
			defaultConfigurationIsVisible = 0;
			defaultConfigurationName = Debug;
		};
/* End XCConfigurationList section */
	};
	rootObject = 65DEDCBDB31C47D18BB35728 /* Project object */;
}
