// !$*UTF8*$!
{
	archiveVersion = 1;
	classes = {
	};
	objectVersion = 46;
	objects = {

/* Begin PBXAggregateTarget section */
		056AA259A528418DBF089D3F /* ZERO_CHECK */ = {
			isa = PBXAggregateTarget;
			buildConfigurationList = B42A30B644C14932A0154455 /* Build configuration list for PBXAggregateTarget "ZERO_CHECK" */;
			buildPhases = (
				39E177D46DE34EF3A1AA5088 /* CMake Rules */,
			);
			dependencies = (
			);
			name = ZERO_CHECK;
			productName = ZERO_CHECK;
		};
		1706AAD8DBD4429AA5DCC0B1 /* ALL_BUILD */ = {
			isa = PBXAggregateTarget;
			buildConfigurationList = 2012163D45454DE3BF452934 /* Build configuration list for PBXAggregateTarget "ALL_BUILD" */;
			buildPhases = (
				D880A147C03C405C85CA4214 /* CMake Rules */,
			);
			dependencies = (
				6B3E8D4E38F74A19B4D8FF58 /* PBXTargetDependency */,
				D03CECD0CFEF468B92EF577C /* PBXTargetDependency */,
			);
			name = ALL_BUILD;
			productName = ALL_BUILD;
		};
/* End PBXAggregateTarget section */

/* Begin PBXBuildFile section */
		068BE091643B40009212A2DD /* /Users/kevinlu/Documents/Learning/Udacity-Self-Driving-CarND/Part 2/CarND-Extended-Kalman-Filter-Project/src/FusionEKF.cpp */ = {isa = PBXBuildFile; fileRef = 890E2D4564B3420C9A31BE1E /* /Users/kevinlu/Documents/Learning/Udacity-Self-Driving-CarND/Part 2/CarND-Extended-Kalman-Filter-Project/src/FusionEKF.cpp */; };
		72D624D6B2D44CF8B2975C79 /* /Users/kevinlu/Documents/Learning/Udacity-Self-Driving-CarND/Part 2/CarND-Extended-Kalman-Filter-Project/CMakeLists.txt */ = {isa = PBXBuildFile; fileRef = 26928384A7F740B8BDE1AD8C /* /Users/kevinlu/Documents/Learning/Udacity-Self-Driving-CarND/Part 2/CarND-Extended-Kalman-Filter-Project/CMakeLists.txt */; };
		7BDDC7DA43C94C829C7E2177 /* /Users/kevinlu/Documents/Learning/Udacity-Self-Driving-CarND/Part 2/CarND-Extended-Kalman-Filter-Project/src/kalman_filter.cpp */ = {isa = PBXBuildFile; fileRef = F9FAEE554FE94217B397803E /* /Users/kevinlu/Documents/Learning/Udacity-Self-Driving-CarND/Part 2/CarND-Extended-Kalman-Filter-Project/src/kalman_filter.cpp */; };
		B06E37A8C8AB4F2AB0CD00BF /* /Users/kevinlu/Documents/Learning/Udacity-Self-Driving-CarND/Part 2/CarND-Extended-Kalman-Filter-Project/src/main.cpp */ = {isa = PBXBuildFile; fileRef = EEFE4DDB4C7F44269FB9FFA0 /* /Users/kevinlu/Documents/Learning/Udacity-Self-Driving-CarND/Part 2/CarND-Extended-Kalman-Filter-Project/src/main.cpp */; };
		BE8C66A868F34173800A009A /* /Users/kevinlu/Documents/Learning/Udacity-Self-Driving-CarND/Part 2/CarND-Extended-Kalman-Filter-Project/src/tools.cpp */ = {isa = PBXBuildFile; fileRef = BA5B99E081A34B5CB4047559 /* /Users/kevinlu/Documents/Learning/Udacity-Self-Driving-CarND/Part 2/CarND-Extended-Kalman-Filter-Project/src/tools.cpp */; };
/* End PBXBuildFile section */

/* Begin PBXBuildStyle section */
		181C92BDF97D4A9F87A0C2C5 /* Release */ = {
			isa = PBXBuildStyle;
			buildSettings = {
				COPY_PHASE_STRIP = NO;
			};
			name = Release;
		};
		61D62C6FE03F4680BE291ADB /* MinSizeRel */ = {
			isa = PBXBuildStyle;
			buildSettings = {
				COPY_PHASE_STRIP = NO;
			};
			name = MinSizeRel;
		};
		67204345F58C4CCDA88D6EAC = {
			isa = PBXBuildStyle;
		};
		C0113ABB4D7E44E3A746FF0A /* Debug */ = {
			isa = PBXBuildStyle;
			buildSettings = {
				COPY_PHASE_STRIP = NO;
			};
			name = Debug;
		};
		C2C9B76BE5A14835A08C962A /* RelWithDebInfo */ = {
			isa = PBXBuildStyle;
			buildSettings = {
				COPY_PHASE_STRIP = NO;
			};
			name = RelWithDebInfo;
		};
/* End PBXBuildStyle section */

/* Begin PBXContainerItemProxy section */
		5AB4BE4BD56B4656B6A9A4D4 /* PBXContainerItemProxy */ = {
			isa = PBXContainerItemProxy;
			containerPortal = 67E3023C3E894D6BA67D229B /* Project object */;
			proxyType = 1;
			remoteGlobalIDString = 056AA259A528418DBF089D3F;
			remoteInfo = ZERO_CHECK;
		};
		72ACFAAA57A14D7D8D15B6DF /* PBXContainerItemProxy */ = {
			isa = PBXContainerItemProxy;
			containerPortal = 67E3023C3E894D6BA67D229B /* Project object */;
			proxyType = 1;
			remoteGlobalIDString = 056AA259A528418DBF089D3F;
			remoteInfo = ZERO_CHECK;
		};
		E2DDC579EC91458691FF117F /* PBXContainerItemProxy */ = {
			isa = PBXContainerItemProxy;
			containerPortal = 67E3023C3E894D6BA67D229B /* Project object */;
			proxyType = 1;
			remoteGlobalIDString = B4E9A8C693854116BD48D2D9;
			remoteInfo = ExtendedKF;
		};
/* End PBXContainerItemProxy section */

/* Begin PBXFileReference section */
		26928384A7F740B8BDE1AD8C /* /Users/kevinlu/Documents/Learning/Udacity-Self-Driving-CarND/Part 2/CarND-Extended-Kalman-Filter-Project/CMakeLists.txt */ = {isa = PBXFileReference; explicitFileType = sourcecode.text; fileEncoding = 4; name = CMakeLists.txt; path = CMakeLists.txt; sourceTree = SOURCE_ROOT; };
		8503F10FC58D437EAA19483E /* ExtendedKF */ = {isa = PBXFileReference; explicitFileType = "compiled.mach-o.executable"; path = ExtendedKF; sourceTree = BUILT_PRODUCTS_DIR; };
		890E2D4564B3420C9A31BE1E /* /Users/kevinlu/Documents/Learning/Udacity-Self-Driving-CarND/Part 2/CarND-Extended-Kalman-Filter-Project/src/FusionEKF.cpp */ = {isa = PBXFileReference; explicitFileType = sourcecode.cpp.cpp; fileEncoding = 4; name = FusionEKF.cpp; path = src/FusionEKF.cpp; sourceTree = SOURCE_ROOT; };
		A4847521E5C0405FBD694F69 /* /Users/kevinlu/Documents/Learning/Udacity-Self-Driving-CarND/Part 2/CarND-Extended-Kalman-Filter-Project/CMakeLists.txt */ = {isa = PBXFileReference; explicitFileType = sourcecode.text; fileEncoding = 4; name = CMakeLists.txt; path = CMakeLists.txt; sourceTree = SOURCE_ROOT; };
		BA5B99E081A34B5CB4047559 /* /Users/kevinlu/Documents/Learning/Udacity-Self-Driving-CarND/Part 2/CarND-Extended-Kalman-Filter-Project/src/tools.cpp */ = {isa = PBXFileReference; explicitFileType = sourcecode.cpp.cpp; fileEncoding = 4; name = tools.cpp; path = src/tools.cpp; sourceTree = SOURCE_ROOT; };
		EEFE4DDB4C7F44269FB9FFA0 /* /Users/kevinlu/Documents/Learning/Udacity-Self-Driving-CarND/Part 2/CarND-Extended-Kalman-Filter-Project/src/main.cpp */ = {isa = PBXFileReference; explicitFileType = sourcecode.cpp.cpp; fileEncoding = 4; name = main.cpp; path = src/main.cpp; sourceTree = SOURCE_ROOT; };
		EFFC7646BEA94E51B7F563E5 /* /Users/kevinlu/Documents/Learning/Udacity-Self-Driving-CarND/Part 2/CarND-Extended-Kalman-Filter-Project/CMakeLists.txt */ = {isa = PBXFileReference; explicitFileType = sourcecode.text; fileEncoding = 4; name = CMakeLists.txt; path = CMakeLists.txt; sourceTree = SOURCE_ROOT; };
		F9FAEE554FE94217B397803E /* /Users/kevinlu/Documents/Learning/Udacity-Self-Driving-CarND/Part 2/CarND-Extended-Kalman-Filter-Project/src/kalman_filter.cpp */ = {isa = PBXFileReference; explicitFileType = sourcecode.cpp.cpp; fileEncoding = 4; name = kalman_filter.cpp; path = src/kalman_filter.cpp; sourceTree = SOURCE_ROOT; };
/* End PBXFileReference section */

/* Begin PBXGroup section */
		004568AE83004245981AC8CD /* ZERO_CHECK */ = {
			isa = PBXGroup;
			children = (
				4977C1D7D8B9477580E2FA4A /* CMake Rules */,
				A4847521E5C0405FBD694F69 /* /Users/kevinlu/Documents/Learning/Udacity-Self-Driving-CarND/Part 2/CarND-Extended-Kalman-Filter-Project/CMakeLists.txt */,
			);
			name = ZERO_CHECK;
			sourceTree = "<group>";
		};
		2BC3494AE0AE4ECF9402D6A0 /* ExtendedKF */ = {
			isa = PBXGroup;
			children = (
				5FE8E326BFCA412B80D601F8 /* Source Files */,
				26928384A7F740B8BDE1AD8C /* /Users/kevinlu/Documents/Learning/Udacity-Self-Driving-CarND/Part 2/CarND-Extended-Kalman-Filter-Project/CMakeLists.txt */,
			);
			name = ExtendedKF;
			sourceTree = "<group>";
		};
		32BB0EAD818142C4914BCDA0 /* ALL_BUILD */ = {
			isa = PBXGroup;
			children = (
				FBCE60ECBCEE4FF79CA7670F /* CMake Rules */,
				EFFC7646BEA94E51B7F563E5 /* /Users/kevinlu/Documents/Learning/Udacity-Self-Driving-CarND/Part 2/CarND-Extended-Kalman-Filter-Project/CMakeLists.txt */,
			);
			name = ALL_BUILD;
			sourceTree = "<group>";
		};
		4977C1D7D8B9477580E2FA4A /* CMake Rules */ = {
			isa = PBXGroup;
			children = (
			);
			name = "CMake Rules";
			sourceTree = "<group>";
		};
		5FE8E326BFCA412B80D601F8 /* Source Files */ = {
			isa = PBXGroup;
			children = (
				890E2D4564B3420C9A31BE1E /* /Users/kevinlu/Documents/Learning/Udacity-Self-Driving-CarND/Part 2/CarND-Extended-Kalman-Filter-Project/src/FusionEKF.cpp */,
				F9FAEE554FE94217B397803E /* /Users/kevinlu/Documents/Learning/Udacity-Self-Driving-CarND/Part 2/CarND-Extended-Kalman-Filter-Project/src/kalman_filter.cpp */,
				EEFE4DDB4C7F44269FB9FFA0 /* /Users/kevinlu/Documents/Learning/Udacity-Self-Driving-CarND/Part 2/CarND-Extended-Kalman-Filter-Project/src/main.cpp */,
				BA5B99E081A34B5CB4047559 /* /Users/kevinlu/Documents/Learning/Udacity-Self-Driving-CarND/Part 2/CarND-Extended-Kalman-Filter-Project/src/tools.cpp */,
			);
			name = "Source Files";
			sourceTree = "<group>";
		};
		6A82BCF71B11424B8174F2A5 = {
			isa = PBXGroup;
			children = (
				DF20A9A57288426489FDEA28 /* Sources */,
				70C06A5FD55F494B896CC37B /* Resources */,
				FD7E8C2A2D13498CAA4FE324 /* Products */,
			);
			sourceTree = "<group>";
		};
		70C06A5FD55F494B896CC37B /* Resources */ = {
			isa = PBXGroup;
			children = (
			);
			name = Resources;
			sourceTree = "<group>";
		};
		DF20A9A57288426489FDEA28 /* Sources */ = {
			isa = PBXGroup;
			children = (
				2BC3494AE0AE4ECF9402D6A0 /* ExtendedKF */,
				32BB0EAD818142C4914BCDA0 /* ALL_BUILD */,
				004568AE83004245981AC8CD /* ZERO_CHECK */,
			);
			name = Sources;
			sourceTree = "<group>";
		};
		FBCE60ECBCEE4FF79CA7670F /* CMake Rules */ = {
			isa = PBXGroup;
			children = (
			);
			name = "CMake Rules";
			sourceTree = "<group>";
		};
		FD7E8C2A2D13498CAA4FE324 /* Products */ = {
			isa = PBXGroup;
			children = (
				8503F10FC58D437EAA19483E /* ExtendedKF */,
			);
			name = Products;
			sourceTree = "<group>";
		};
/* End PBXGroup section */

/* Begin PBXNativeTarget section */
		B4E9A8C693854116BD48D2D9 /* ExtendedKF */ = {
			isa = PBXNativeTarget;
			buildConfigurationList = B0CF11E66CBA4F9FABD6A825 /* Build configuration list for PBXNativeTarget "ExtendedKF" */;
			buildPhases = (
				95E923EE3D4545F2B637ABC0 /* Sources */,
			);
			buildRules = (
			);
			dependencies = (
				AA517172E1F942D798C77B73 /* PBXTargetDependency */,
			);
			name = ExtendedKF;
			productName = ExtendedKF;
			productReference = 8503F10FC58D437EAA19483E /* ExtendedKF */;
			productType = "com.apple.product-type.tool";
		};
/* End PBXNativeTarget section */

/* Begin PBXProject section */
		67E3023C3E894D6BA67D229B /* Project object */ = {
			isa = PBXProject;
			attributes = {
				BuildIndependentTargetsInParallel = YES;
				LastUpgradeCheck = 0820;
			};
			buildConfigurationList = 275F459513894A93B7F80CF2 /* Build configuration list for PBXProject "ExtendedKF" */;
			buildSettings = {
			};
			buildStyles = (
				C0113ABB4D7E44E3A746FF0A /* Debug */,
				181C92BDF97D4A9F87A0C2C5 /* Release */,
				61D62C6FE03F4680BE291ADB /* MinSizeRel */,
				C2C9B76BE5A14835A08C962A /* RelWithDebInfo */,
			);
			compatibilityVersion = "Xcode 3.2";
			hasScannedForEncodings = 0;
			mainGroup = 6A82BCF71B11424B8174F2A5;
			projectDirPath = ../../;
			projectRoot = "";
			targets = (
				1706AAD8DBD4429AA5DCC0B1 /* ALL_BUILD */,
				B4E9A8C693854116BD48D2D9 /* ExtendedKF */,
				056AA259A528418DBF089D3F /* ZERO_CHECK */,
			);
		};
/* End PBXProject section */

/* Begin PBXShellScriptBuildPhase section */
		39E177D46DE34EF3A1AA5088 /* CMake Rules */ = {
			isa = PBXShellScriptBuildPhase;
			buildActionMask = 2147483647;
			files = (
			);
			name = "CMake Rules";
			runOnlyForDeploymentPostprocessing = 0;
			shellPath = /bin/sh;
			shellScript = "make -C /Users/kevinlu/Documents/Learning/Udacity-Self-Driving-CarND/Part\\ 2/CarND-Extended-Kalman-Filter-Project/ide_profiles/xcode -f /Users/kevinlu/Documents/Learning/Udacity-Self-Driving-CarND/Part\\ 2/CarND-Extended-Kalman-Filter-Project/ide_profiles/xcode/CMakeScripts/ZERO_CHECK_cmakeRulesBuildPhase.make$CONFIGURATION all";
			showEnvVarsInLog = 0;
		};
		5EE8FF1FF26848D29263464D = {
			isa = PBXShellScriptBuildPhase;
			buildActionMask = 2147483647;
			files = (
			);
			inputPaths = (
			);
			outputPaths = (
			);
			runOnlyForDeploymentPostprocessing = 0;
			shellPath = /bin/sh;
			shellScript = "# shell script goes here
exit 0";
			showEnvVarsInLog = 0;
		};
		65EF0946A0AD44C9B4999C23 = {
			isa = PBXShellScriptBuildPhase;
			buildActionMask = 2147483647;
			files = (
			);
			inputPaths = (
			);
			outputPaths = (
			);
			runOnlyForDeploymentPostprocessing = 0;
			shellPath = /bin/sh;
			shellScript = "# shell script goes here
exit 0";
			showEnvVarsInLog = 0;
		};
		D880A147C03C405C85CA4214 /* CMake Rules */ = {
			isa = PBXShellScriptBuildPhase;
			buildActionMask = 2147483647;
			files = (
			);
			name = "CMake Rules";
			runOnlyForDeploymentPostprocessing = 0;
			shellPath = /bin/sh;
			shellScript = "make -C /Users/kevinlu/Documents/Learning/Udacity-Self-Driving-CarND/Part\\ 2/CarND-Extended-Kalman-Filter-Project/ide_profiles/xcode -f /Users/kevinlu/Documents/Learning/Udacity-Self-Driving-CarND/Part\\ 2/CarND-Extended-Kalman-Filter-Project/ide_profiles/xcode/CMakeScripts/ALL_BUILD_cmakeRulesBuildPhase.make$CONFIGURATION all";
			showEnvVarsInLog = 0;
		};
/* End PBXShellScriptBuildPhase section */

/* Begin PBXSourcesBuildPhase section */
		95E923EE3D4545F2B637ABC0 /* Sources */ = {
			isa = PBXSourcesBuildPhase;
			buildActionMask = 2147483647;
			files = (
				068BE091643B40009212A2DD /* /Users/kevinlu/Documents/Learning/Udacity-Self-Driving-CarND/Part 2/CarND-Extended-Kalman-Filter-Project/src/FusionEKF.cpp */,
				7BDDC7DA43C94C829C7E2177 /* /Users/kevinlu/Documents/Learning/Udacity-Self-Driving-CarND/Part 2/CarND-Extended-Kalman-Filter-Project/src/kalman_filter.cpp */,
				B06E37A8C8AB4F2AB0CD00BF /* /Users/kevinlu/Documents/Learning/Udacity-Self-Driving-CarND/Part 2/CarND-Extended-Kalman-Filter-Project/src/main.cpp */,
				BE8C66A868F34173800A009A /* /Users/kevinlu/Documents/Learning/Udacity-Self-Driving-CarND/Part 2/CarND-Extended-Kalman-Filter-Project/src/tools.cpp */,
			);
			runOnlyForDeploymentPostprocessing = 0;
		};
/* End PBXSourcesBuildPhase section */

/* Begin PBXTargetDependency section */
		6B3E8D4E38F74A19B4D8FF58 /* PBXTargetDependency */ = {
			isa = PBXTargetDependency;
			target = B4E9A8C693854116BD48D2D9 /* ExtendedKF */;
			targetProxy = E2DDC579EC91458691FF117F /* PBXContainerItemProxy */;
		};
		AA517172E1F942D798C77B73 /* PBXTargetDependency */ = {
			isa = PBXTargetDependency;
			target = 056AA259A528418DBF089D3F /* ZERO_CHECK */;
			targetProxy = 72ACFAAA57A14D7D8D15B6DF /* PBXContainerItemProxy */;
		};
		D03CECD0CFEF468B92EF577C /* PBXTargetDependency */ = {
			isa = PBXTargetDependency;
			target = 056AA259A528418DBF089D3F /* ZERO_CHECK */;
			targetProxy = 5AB4BE4BD56B4656B6A9A4D4 /* PBXContainerItemProxy */;
		};
/* End PBXTargetDependency section */

/* Begin XCBuildConfiguration section */
		0753D989654845BBA260A407 /* Release */ = {
			isa = XCBuildConfiguration;
			buildSettings = {
				COMBINE_HIDPI_IMAGES = YES;
				GCC_GENERATE_DEBUGGING_SYMBOLS = YES;
				GCC_INLINES_ARE_PRIVATE_EXTERN = NO;
				GCC_OPTIMIZATION_LEVEL = 0;
				GCC_PREPROCESSOR_DEFINITIONS = ("'CMAKE_INTDIR=\"$(CONFIGURATION)$(EFFECTIVE_PLATFORM_NAME)\"'");
				GCC_SYMBOLS_PRIVATE_EXTERN = NO;
				INSTALL_PATH = "";
				OTHER_LDFLAGS = " ";
				OTHER_REZFLAGS = "";
				PRODUCT_NAME = ZERO_CHECK;
				SECTORDER_FLAGS = "";
				SYMROOT = "/Users/kevinlu/Documents/Learning/Udacity-Self-Driving-CarND/Part 2/CarND-Extended-Kalman-Filter-Project/ide_profiles/xcode";
				USE_HEADERMAP = NO;
				WARNING_CFLAGS = ("-Wmost","-Wno-four-char-constants","-Wno-unknown-pragmas","$(inherited)");
			};
			name = Release;
		};
		149EDA4729A9415D93DCD305 /* RelWithDebInfo */ = {
			isa = XCBuildConfiguration;
			buildSettings = {
				ONLY_ACTIVE_ARCH = YES;
				SDKROOT = /Applications/Xcode.app/Contents/Developer/Platforms/MacOSX.platform/Developer/SDKs/MacOSX10.12.sdk;
				SYMROOT = "/Users/kevinlu/Documents/Learning/Udacity-Self-Driving-CarND/Part 2/CarND-Extended-Kalman-Filter-Project/ide_profiles/xcode/build";
			};
			name = RelWithDebInfo;
		};
		176A489AAE684935A34E54E5 /* Release */ = {
			isa = XCBuildConfiguration;
			buildSettings = {
				COMBINE_HIDPI_IMAGES = YES;
				EXECUTABLE_PREFIX = "";
				EXECUTABLE_SUFFIX = "";
				GCC_GENERATE_DEBUGGING_SYMBOLS = NO;
				GCC_INLINES_ARE_PRIVATE_EXTERN = NO;
				GCC_OPTIMIZATION_LEVEL = 3;
				GCC_PREPROCESSOR_DEFINITIONS = ("'CMAKE_INTDIR=\"$(CONFIGURATION)$(EFFECTIVE_PLATFORM_NAME)\"'");
				GCC_SYMBOLS_PRIVATE_EXTERN = NO;
				INSTALL_PATH = "";
				LIBRARY_SEARCH_PATHS = "";
				OTHER_CPLUSPLUSFLAGS = "    -DNDEBUG   -std=c++0x";
				OTHER_LDFLAGS = " -Wl,-search_paths_first -Wl,-headerpad_max_install_names  ";
				OTHER_REZFLAGS = "";
				PRODUCT_NAME = ExtendedKF;
				SECTORDER_FLAGS = "";
				SYMROOT = "/Users/kevinlu/Documents/Learning/Udacity-Self-Driving-CarND/Part 2/CarND-Extended-Kalman-Filter-Project/ide_profiles/xcode";
				USE_HEADERMAP = NO;
				WARNING_CFLAGS = ("-Wmost","-Wno-four-char-constants","-Wno-unknown-pragmas","$(inherited)");
			};
			name = Release;
		};
		1F14A5F0FBD74B219093DCE9 /* RelWithDebInfo */ = {
			isa = XCBuildConfiguration;
			buildSettings = {
				COMBINE_HIDPI_IMAGES = YES;
				GCC_GENERATE_DEBUGGING_SYMBOLS = YES;
				GCC_INLINES_ARE_PRIVATE_EXTERN = NO;
				GCC_OPTIMIZATION_LEVEL = 0;
				GCC_PREPROCESSOR_DEFINITIONS = ("'CMAKE_INTDIR=\"$(CONFIGURATION)$(EFFECTIVE_PLATFORM_NAME)\"'");
				GCC_SYMBOLS_PRIVATE_EXTERN = NO;
				INSTALL_PATH = "";
				OTHER_LDFLAGS = " ";
				OTHER_REZFLAGS = "";
				PRODUCT_NAME = ZERO_CHECK;
				SECTORDER_FLAGS = "";
				SYMROOT = "/Users/kevinlu/Documents/Learning/Udacity-Self-Driving-CarND/Part 2/CarND-Extended-Kalman-Filter-Project/ide_profiles/xcode";
				USE_HEADERMAP = NO;
				WARNING_CFLAGS = ("-Wmost","-Wno-four-char-constants","-Wno-unknown-pragmas","$(inherited)");
			};
			name = RelWithDebInfo;
		};
		2C1E9FF7508F427E9E1A3AD3 /* MinSizeRel */ = {
			isa = XCBuildConfiguration;
			buildSettings = {
				COMBINE_HIDPI_IMAGES = YES;
				EXECUTABLE_PREFIX = "";
				EXECUTABLE_SUFFIX = "";
				GCC_GENERATE_DEBUGGING_SYMBOLS = NO;
				GCC_INLINES_ARE_PRIVATE_EXTERN = NO;
				GCC_OPTIMIZATION_LEVEL = s;
				GCC_PREPROCESSOR_DEFINITIONS = ("'CMAKE_INTDIR=\"$(CONFIGURATION)$(EFFECTIVE_PLATFORM_NAME)\"'");
				GCC_SYMBOLS_PRIVATE_EXTERN = NO;
				INSTALL_PATH = "";
				LIBRARY_SEARCH_PATHS = "";
				OTHER_CPLUSPLUSFLAGS = "    -DNDEBUG   -std=c++0x";
				OTHER_LDFLAGS = " -Wl,-search_paths_first -Wl,-headerpad_max_install_names  ";
				OTHER_REZFLAGS = "";
				PRODUCT_NAME = ExtendedKF;
				SECTORDER_FLAGS = "";
				SYMROOT = "/Users/kevinlu/Documents/Learning/Udacity-Self-Driving-CarND/Part 2/CarND-Extended-Kalman-Filter-Project/ide_profiles/xcode";
				USE_HEADERMAP = NO;
				WARNING_CFLAGS = ("-Wmost","-Wno-four-char-constants","-Wno-unknown-pragmas","$(inherited)");
			};
			name = MinSizeRel;
		};
		2CF2284144FE49519BB4EE50 /* MinSizeRel */ = {
			isa = XCBuildConfiguration;
			buildSettings = {
				COMBINE_HIDPI_IMAGES = YES;
				GCC_GENERATE_DEBUGGING_SYMBOLS = YES;
				GCC_INLINES_ARE_PRIVATE_EXTERN = NO;
				GCC_OPTIMIZATION_LEVEL = 0;
				GCC_PREPROCESSOR_DEFINITIONS = ("'CMAKE_INTDIR=\"$(CONFIGURATION)$(EFFECTIVE_PLATFORM_NAME)\"'");
				GCC_SYMBOLS_PRIVATE_EXTERN = NO;
				INSTALL_PATH = "";
				OTHER_LDFLAGS = " ";
				OTHER_REZFLAGS = "";
				PRODUCT_NAME = ZERO_CHECK;
				SECTORDER_FLAGS = "";
				SYMROOT = "/Users/kevinlu/Documents/Learning/Udacity-Self-Driving-CarND/Part 2/CarND-Extended-Kalman-Filter-Project/ide_profiles/xcode";
				USE_HEADERMAP = NO;
				WARNING_CFLAGS = ("-Wmost","-Wno-four-char-constants","-Wno-unknown-pragmas","$(inherited)");
			};
			name = MinSizeRel;
		};
		32C75030E17D4057BF741EC1 /* RelWithDebInfo */ = {
			isa = XCBuildConfiguration;
			buildSettings = {
				COMBINE_HIDPI_IMAGES = YES;
				EXECUTABLE_PREFIX = "";
				EXECUTABLE_SUFFIX = "";
				GCC_GENERATE_DEBUGGING_SYMBOLS = YES;
				GCC_INLINES_ARE_PRIVATE_EXTERN = NO;
				GCC_OPTIMIZATION_LEVEL = 2;
				GCC_PREPROCESSOR_DEFINITIONS = ("'CMAKE_INTDIR=\"$(CONFIGURATION)$(EFFECTIVE_PLATFORM_NAME)\"'");
				GCC_SYMBOLS_PRIVATE_EXTERN = NO;
				INSTALL_PATH = "";
				LIBRARY_SEARCH_PATHS = "";
				OTHER_CPLUSPLUSFLAGS = "       -DNDEBUG   -std=c++0x";
				OTHER_LDFLAGS = " -Wl,-search_paths_first -Wl,-headerpad_max_install_names  ";
				OTHER_REZFLAGS = "";
				PRODUCT_NAME = ExtendedKF;
				SECTORDER_FLAGS = "";
				SYMROOT = "/Users/kevinlu/Documents/Learning/Udacity-Self-Driving-CarND/Part 2/CarND-Extended-Kalman-Filter-Project/ide_profiles/xcode";
				USE_HEADERMAP = NO;
				WARNING_CFLAGS = ("-Wmost","-Wno-four-char-constants","-Wno-unknown-pragmas","$(inherited)");
			};
			name = RelWithDebInfo;
		};
		475E1CD6A8574C9EA875F314 /* Release */ = {
			isa = XCBuildConfiguration;
			buildSettings = {
				ONLY_ACTIVE_ARCH = YES;
				SDKROOT = /Applications/Xcode.app/Contents/Developer/Platforms/MacOSX.platform/Developer/SDKs/MacOSX10.12.sdk;
				SYMROOT = "/Users/kevinlu/Documents/Learning/Udacity-Self-Driving-CarND/Part 2/CarND-Extended-Kalman-Filter-Project/ide_profiles/xcode/build";
			};
			name = Release;
		};
		68CF8EF27F0A4BA5BB076B07 /* Debug */ = {
			isa = XCBuildConfiguration;
			buildSettings = {
				ONLY_ACTIVE_ARCH = YES;
				SDKROOT = /Applications/Xcode.app/Contents/Developer/Platforms/MacOSX.platform/Developer/SDKs/MacOSX10.12.sdk;
				SYMROOT = "/Users/kevinlu/Documents/Learning/Udacity-Self-Driving-CarND/Part 2/CarND-Extended-Kalman-Filter-Project/ide_profiles/xcode/build";
			};
			name = Debug;
		};
		9B2FC46D342F4308852F8A34 /* MinSizeRel */ = {
			isa = XCBuildConfiguration;
			buildSettings = {
				ONLY_ACTIVE_ARCH = YES;
				SDKROOT = /Applications/Xcode.app/Contents/Developer/Platforms/MacOSX.platform/Developer/SDKs/MacOSX10.12.sdk;
				SYMROOT = "/Users/kevinlu/Documents/Learning/Udacity-Self-Driving-CarND/Part 2/CarND-Extended-Kalman-Filter-Project/ide_profiles/xcode/build";
			};
			name = MinSizeRel;
		};
		B1DD1C2A49864C33B3AD3549 /* RelWithDebInfo */ = {
			isa = XCBuildConfiguration;
			buildSettings = {
				COMBINE_HIDPI_IMAGES = YES;
				GCC_GENERATE_DEBUGGING_SYMBOLS = YES;
				GCC_INLINES_ARE_PRIVATE_EXTERN = NO;
				GCC_OPTIMIZATION_LEVEL = 0;
				GCC_PREPROCESSOR_DEFINITIONS = ("'CMAKE_INTDIR=\"$(CONFIGURATION)$(EFFECTIVE_PLATFORM_NAME)\"'");
				GCC_SYMBOLS_PRIVATE_EXTERN = NO;
				INSTALL_PATH = "";
				OTHER_LDFLAGS = " ";
				OTHER_REZFLAGS = "";
				PRODUCT_NAME = ALL_BUILD;
				SECTORDER_FLAGS = "";
				SYMROOT = "/Users/kevinlu/Documents/Learning/Udacity-Self-Driving-CarND/Part 2/CarND-Extended-Kalman-Filter-Project/ide_profiles/xcode";
				USE_HEADERMAP = NO;
				WARNING_CFLAGS = ("-Wmost","-Wno-four-char-constants","-Wno-unknown-pragmas","$(inherited)");
			};
			name = RelWithDebInfo;
		};
		B5C1613E8C874ED185A91C0A /* Debug */ = {
			isa = XCBuildConfiguration;
			buildSettings = {
				COMBINE_HIDPI_IMAGES = YES;
				EXECUTABLE_PREFIX = "";
				EXECUTABLE_SUFFIX = "";
				GCC_GENERATE_DEBUGGING_SYMBOLS = YES;
				GCC_INLINES_ARE_PRIVATE_EXTERN = NO;
				GCC_OPTIMIZATION_LEVEL = 0;
				GCC_PREPROCESSOR_DEFINITIONS = ("'CMAKE_INTDIR=\"$(CONFIGURATION)$(EFFECTIVE_PLATFORM_NAME)\"'");
				GCC_SYMBOLS_PRIVATE_EXTERN = NO;
				INSTALL_PATH = "";
				LIBRARY_SEARCH_PATHS = "";
				OTHER_CPLUSPLUSFLAGS = "     -std=c++0x";
				OTHER_LDFLAGS = " -Wl,-search_paths_first -Wl,-headerpad_max_install_names  ";
				OTHER_REZFLAGS = "";
				PRODUCT_NAME = ExtendedKF;
				SECTORDER_FLAGS = "";
				SYMROOT = "/Users/kevinlu/Documents/Learning/Udacity-Self-Driving-CarND/Part 2/CarND-Extended-Kalman-Filter-Project/ide_profiles/xcode";
				USE_HEADERMAP = NO;
				WARNING_CFLAGS = ("-Wmost","-Wno-four-char-constants","-Wno-unknown-pragmas","$(inherited)");
			};
			name = Debug;
		};
		C5F98453111E4FBBBE5E58A9 /* Debug */ = {
			isa = XCBuildConfiguration;
			buildSettings = {
				COMBINE_HIDPI_IMAGES = YES;
				GCC_GENERATE_DEBUGGING_SYMBOLS = YES;
				GCC_INLINES_ARE_PRIVATE_EXTERN = NO;
				GCC_OPTIMIZATION_LEVEL = 0;
				GCC_PREPROCESSOR_DEFINITIONS = ("'CMAKE_INTDIR=\"$(CONFIGURATION)$(EFFECTIVE_PLATFORM_NAME)\"'");
				GCC_SYMBOLS_PRIVATE_EXTERN = NO;
				INSTALL_PATH = "";
				OTHER_LDFLAGS = " ";
				OTHER_REZFLAGS = "";
				PRODUCT_NAME = ALL_BUILD;
				SECTORDER_FLAGS = "";
				SYMROOT = "/Users/kevinlu/Documents/Learning/Udacity-Self-Driving-CarND/Part 2/CarND-Extended-Kalman-Filter-Project/ide_profiles/xcode";
				USE_HEADERMAP = NO;
				WARNING_CFLAGS = ("-Wmost","-Wno-four-char-constants","-Wno-unknown-pragmas","$(inherited)");
			};
			name = Debug;
		};
		E6217D5422524970992289C7 /* MinSizeRel */ = {
			isa = XCBuildConfiguration;
			buildSettings = {
				COMBINE_HIDPI_IMAGES = YES;
				GCC_GENERATE_DEBUGGING_SYMBOLS = YES;
				GCC_INLINES_ARE_PRIVATE_EXTERN = NO;
				GCC_OPTIMIZATION_LEVEL = 0;
				GCC_PREPROCESSOR_DEFINITIONS = ("'CMAKE_INTDIR=\"$(CONFIGURATION)$(EFFECTIVE_PLATFORM_NAME)\"'");
				GCC_SYMBOLS_PRIVATE_EXTERN = NO;
				INSTALL_PATH = "";
				OTHER_LDFLAGS = " ";
				OTHER_REZFLAGS = "";
				PRODUCT_NAME = ALL_BUILD;
				SECTORDER_FLAGS = "";
				SYMROOT = "/Users/kevinlu/Documents/Learning/Udacity-Self-Driving-CarND/Part 2/CarND-Extended-Kalman-Filter-Project/ide_profiles/xcode";
				USE_HEADERMAP = NO;
				WARNING_CFLAGS = ("-Wmost","-Wno-four-char-constants","-Wno-unknown-pragmas","$(inherited)");
			};
			name = MinSizeRel;
		};
		ECB2FB10E18F463899F84E9D /* Release */ = {
			isa = XCBuildConfiguration;
			buildSettings = {
				COMBINE_HIDPI_IMAGES = YES;
				GCC_GENERATE_DEBUGGING_SYMBOLS = YES;
				GCC_INLINES_ARE_PRIVATE_EXTERN = NO;
				GCC_OPTIMIZATION_LEVEL = 0;
				GCC_PREPROCESSOR_DEFINITIONS = ("'CMAKE_INTDIR=\"$(CONFIGURATION)$(EFFECTIVE_PLATFORM_NAME)\"'");
				GCC_SYMBOLS_PRIVATE_EXTERN = NO;
				INSTALL_PATH = "";
				OTHER_LDFLAGS = " ";
				OTHER_REZFLAGS = "";
				PRODUCT_NAME = ALL_BUILD;
				SECTORDER_FLAGS = "";
				SYMROOT = "/Users/kevinlu/Documents/Learning/Udacity-Self-Driving-CarND/Part 2/CarND-Extended-Kalman-Filter-Project/ide_profiles/xcode";
				USE_HEADERMAP = NO;
				WARNING_CFLAGS = ("-Wmost","-Wno-four-char-constants","-Wno-unknown-pragmas","$(inherited)");
			};
			name = Release;
		};
		F31547B6E6C54E6A80CE71F4 /* Debug */ = {
			isa = XCBuildConfiguration;
			buildSettings = {
				COMBINE_HIDPI_IMAGES = YES;
				GCC_GENERATE_DEBUGGING_SYMBOLS = YES;
				GCC_INLINES_ARE_PRIVATE_EXTERN = NO;
				GCC_OPTIMIZATION_LEVEL = 0;
				GCC_PREPROCESSOR_DEFINITIONS = ("'CMAKE_INTDIR=\"$(CONFIGURATION)$(EFFECTIVE_PLATFORM_NAME)\"'");
				GCC_SYMBOLS_PRIVATE_EXTERN = NO;
				INSTALL_PATH = "";
				OTHER_LDFLAGS = " ";
				OTHER_REZFLAGS = "";
				PRODUCT_NAME = ZERO_CHECK;
				SECTORDER_FLAGS = "";
				SYMROOT = "/Users/kevinlu/Documents/Learning/Udacity-Self-Driving-CarND/Part 2/CarND-Extended-Kalman-Filter-Project/ide_profiles/xcode";
				USE_HEADERMAP = NO;
				WARNING_CFLAGS = ("-Wmost","-Wno-four-char-constants","-Wno-unknown-pragmas","$(inherited)");
			};
			name = Debug;
		};
/* End XCBuildConfiguration section */

/* Begin XCConfigurationList section */
		2012163D45454DE3BF452934 /* Build configuration list for PBXAggregateTarget "ALL_BUILD" */ = {
			isa = XCConfigurationList;
			buildConfigurations = (
				C5F98453111E4FBBBE5E58A9 /* Debug */,
				ECB2FB10E18F463899F84E9D /* Release */,
				E6217D5422524970992289C7 /* MinSizeRel */,
				B1DD1C2A49864C33B3AD3549 /* RelWithDebInfo */,
			);
			defaultConfigurationIsVisible = 0;
			defaultConfigurationName = Debug;
		};
		275F459513894A93B7F80CF2 /* Build configuration list for PBXProject "ExtendedKF" */ = {
			isa = XCConfigurationList;
			buildConfigurations = (
				68CF8EF27F0A4BA5BB076B07 /* Debug */,
				475E1CD6A8574C9EA875F314 /* Release */,
				9B2FC46D342F4308852F8A34 /* MinSizeRel */,
				149EDA4729A9415D93DCD305 /* RelWithDebInfo */,
			);
			defaultConfigurationIsVisible = 0;
			defaultConfigurationName = Debug;
		};
		B0CF11E66CBA4F9FABD6A825 /* Build configuration list for PBXNativeTarget "ExtendedKF" */ = {
			isa = XCConfigurationList;
			buildConfigurations = (
				B5C1613E8C874ED185A91C0A /* Debug */,
				176A489AAE684935A34E54E5 /* Release */,
				2C1E9FF7508F427E9E1A3AD3 /* MinSizeRel */,
				32C75030E17D4057BF741EC1 /* RelWithDebInfo */,
			);
			defaultConfigurationIsVisible = 0;
			defaultConfigurationName = Debug;
		};
		B42A30B644C14932A0154455 /* Build configuration list for PBXAggregateTarget "ZERO_CHECK" */ = {
			isa = XCConfigurationList;
			buildConfigurations = (
				F31547B6E6C54E6A80CE71F4 /* Debug */,
				0753D989654845BBA260A407 /* Release */,
				2CF2284144FE49519BB4EE50 /* MinSizeRel */,
				1F14A5F0FBD74B219093DCE9 /* RelWithDebInfo */,
			);
			defaultConfigurationIsVisible = 0;
			defaultConfigurationName = Debug;
		};
/* End XCConfigurationList section */
	};
	rootObject = 67E3023C3E894D6BA67D229B /* Project object */;
}
