// !$*UTF8*$!
{
       archiveVersion = 1;
       classes = {
       };
       objectVersion = 46;
       objects = {

/* Begin PBXAggregateTarget section */
              3E56ECE7B0BF4160BA84C665 /* ALL_BUILD */ = {
                     isa = PBXAggregateTarget;
                     buildConfigurationList = D266ABBAB7EF423EA66EA935 /* Build configuration list for PBXAggregateTarget "ALL_BUILD" */;
                     buildPhases = (
                            A3DBBE23B3774D7782E10770 /* CMake Rules */,
                     );
                     dependencies = (
                            3D54523479A1410C93D081C4 /* PBXTargetDependency */,
                            438580D306D444F39C3905DE /* PBXTargetDependency */,
                     );
                     name = ALL_BUILD;
                     productName = ALL_BUILD;
              };
              0A878581EFCC4CE78E82C38A /* ZERO_CHECK */ = {
                     isa = PBXAggregateTarget;
                     buildConfigurationList = 4B23B79D687E4F73925BB3A7 /* Build configuration list for PBXAggregateTarget "ZERO_CHECK" */;
                     buildPhases = (
                            F05B77F8EE8F4B17A6586E9C /* CMake Rules */,
                     );
                     dependencies = (
                     );
                     name = ZERO_CHECK;
                     productName = ZERO_CHECK;
              };
/* End PBXAggregateTarget section */

/* Begin PBXBuildFile section */
52F67DF8F0D745E2AF745486 /* /Users/kevinlu/Documents/Learning/Udacity-Self-Driving-CarND/Part 2/CarND-Kidnapped-Vehicle-Project-master/CMakeLists.txt */ = {isa = PBXBuildFile; fileRef = 3A6F862B94C14811B044D44E /* /Users/kevinlu/Documents/Learning/Udacity-Self-Driving-CarND/Part 2/CarND-Kidnapped-Vehicle-Project-master/CMakeLists.txt */; settings = { COMPILER_FLAGS = ""; }; };
81D2A429BEAB4E56B1E35721 /* /Users/kevinlu/Documents/Learning/Udacity-Self-Driving-CarND/Part 2/CarND-Kidnapped-Vehicle-Project-master/src/main.cpp */ = {isa = PBXBuildFile; fileRef = 2285733563844163BC63CED4 /* /Users/kevinlu/Documents/Learning/Udacity-Self-Driving-CarND/Part 2/CarND-Kidnapped-Vehicle-Project-master/src/main.cpp */; settings = { COMPILER_FLAGS = "-std=c++0x"; }; };
4403DB496ABF4757BB5427DF /* /Users/kevinlu/Documents/Learning/Udacity-Self-Driving-CarND/Part 2/CarND-Kidnapped-Vehicle-Project-master/src/particle_filter.cpp */ = {isa = PBXBuildFile; fileRef = 2729F9F2A3E54FA0B5293FC6 /* /Users/kevinlu/Documents/Learning/Udacity-Self-Driving-CarND/Part 2/CarND-Kidnapped-Vehicle-Project-master/src/particle_filter.cpp */; settings = { COMPILER_FLAGS = "-std=c++0x"; }; };
/* End PBXBuildFile section */

/* Begin PBXBuildStyle section */
              CEF2874F706D4DB7ABDEFE44 /*  */ = {
                     isa = PBXBuildStyle;
              };
              14044D94004144C8BDDB9F08 /* Debug */ = {
                     isa = PBXBuildStyle;
                     buildSettings = {
                            COPY_PHASE_STRIP = NO;
                     };
                     name = Debug;
              };
              FA50CA954E2E449B85EB6793 /* Release */ = {
                     isa = PBXBuildStyle;
                     buildSettings = {
                            COPY_PHASE_STRIP = NO;
                     };
                     name = Release;
              };
              47A2C8CFD68F43EA9D702029 /* MinSizeRel */ = {
                     isa = PBXBuildStyle;
                     buildSettings = {
                            COPY_PHASE_STRIP = NO;
                     };
                     name = MinSizeRel;
              };
              4018F6E63B684279A8067958 /* RelWithDebInfo */ = {
                     isa = PBXBuildStyle;
                     buildSettings = {
                            COPY_PHASE_STRIP = NO;
                     };
                     name = RelWithDebInfo;
              };
/* End PBXBuildStyle section */

/* Begin PBXContainerItemProxy section */
              9E1B838559E44018BD7D12E2 /* PBXContainerItemProxy */ = {
                     isa = PBXContainerItemProxy;
                     containerPortal = 1C90CDC30B174F07A0E9ADC9 /* Project object */;
                     proxyType = 1;
                     remoteGlobalIDString = 7271BB0D2E4F4B3DA74856A0;
                     remoteInfo = particle_filter;
              };
              CBEC7BA0E49A4CA1BE728993 /* PBXContainerItemProxy */ = {
                     isa = PBXContainerItemProxy;
                     containerPortal = 1C90CDC30B174F07A0E9ADC9 /* Project object */;
                     proxyType = 1;
                     remoteGlobalIDString = 0A878581EFCC4CE78E82C38A;
                     remoteInfo = ZERO_CHECK;
              };
              482134B3AC684BA6B1025D96 /* PBXContainerItemProxy */ = {
                     isa = PBXContainerItemProxy;
                     containerPortal = 1C90CDC30B174F07A0E9ADC9 /* Project object */;
                     proxyType = 1;
                     remoteGlobalIDString = 0A878581EFCC4CE78E82C38A;
                     remoteInfo = ZERO_CHECK;
              };
/* End PBXContainerItemProxy section */

/* Begin PBXFileReference section */
93BA45B079AD4074ACB5243D /* /Users/kevinlu/Documents/Learning/Udacity-Self-Driving-CarND/Part 2/CarND-Kidnapped-Vehicle-Project-master/CMakeLists.txt */ = {isa = PBXFileReference; explicitFileType = "sourcecode.text"; fileEncoding = 4; name = "CMakeLists.txt"; path = "CMakeLists.txt"; sourceTree = SOURCE_ROOT; };
33A84D2677D045578A5C15DB /* /Users/kevinlu/Documents/Learning/Udacity-Self-Driving-CarND/Part 2/CarND-Kidnapped-Vehicle-Project-master/CMakeLists.txt */ = {isa = PBXFileReference; explicitFileType = "sourcecode.text"; fileEncoding = 4; name = "CMakeLists.txt"; path = "CMakeLists.txt"; sourceTree = SOURCE_ROOT; };
3A6F862B94C14811B044D44E /* /Users/kevinlu/Documents/Learning/Udacity-Self-Driving-CarND/Part 2/CarND-Kidnapped-Vehicle-Project-master/CMakeLists.txt */ = {isa = PBXFileReference; explicitFileType = "sourcecode.text"; fileEncoding = 4; name = "CMakeLists.txt"; path = "CMakeLists.txt"; sourceTree = SOURCE_ROOT; };
2285733563844163BC63CED4 /* /Users/kevinlu/Documents/Learning/Udacity-Self-Driving-CarND/Part 2/CarND-Kidnapped-Vehicle-Project-master/src/main.cpp */ = {isa = PBXFileReference; explicitFileType = "sourcecode.cpp.cpp"; fileEncoding = 4; name = "main.cpp"; path = "src/main.cpp"; sourceTree = SOURCE_ROOT; };
2729F9F2A3E54FA0B5293FC6 /* /Users/kevinlu/Documents/Learning/Udacity-Self-Driving-CarND/Part 2/CarND-Kidnapped-Vehicle-Project-master/src/particle_filter.cpp */ = {isa = PBXFileReference; explicitFileType = "sourcecode.cpp.cpp"; fileEncoding = 4; name = "particle_filter.cpp"; path = "src/particle_filter.cpp"; sourceTree = SOURCE_ROOT; };
22EA3916656744279525D28C /* particle_filter */ = {isa = PBXFileReference; explicitFileType = "compiled.mach-o.executable"; path = particle_filter; refType = 0; sourceTree = BUILT_PRODUCTS_DIR; };
/* End PBXFileReference section */

/* Begin PBXGroup section */
              85CF72C8C3E84A849176748A  = {
                     isa = PBXGroup;
                     children = (
                            68C2B9F68AFB45D49E8B8B6A /* Sources */,
                            F4FE6D52C2234D96983C1A9B /* Resources */,
                            CEB7F82A96B743E89D006A32 /* Products */,
                     );
                     sourceTree = "<group>";
              };
              68C2B9F68AFB45D49E8B8B6A /* Sources */ = {
                     isa = PBXGroup;
                     children = (
                            4396EC8A423B4BDDA65A5FC7 /* ALL_BUILD */,
                            F0A722AF7C3F4B59910D8B71 /* ZERO_CHECK */,
                            87A2C523B46B4FF386FA61C9 /* particle_filter */,
                     );
                     name = Sources;
                     sourceTree = "<group>";
              };
              F4FE6D52C2234D96983C1A9B /* Resources */ = {
                     isa = PBXGroup;
                     children = (
                     );
                     name = Resources;
                     sourceTree = "<group>";
              };
              4396EC8A423B4BDDA65A5FC7 /* ALL_BUILD */ = {
                     isa = PBXGroup;
                     children = (
                            6F4C905096414099A039EFC4 /* CMake Rules */,
                            93BA45B079AD4074ACB5243D /* /Users/kevinlu/Documents/Learning/Udacity-Self-Driving-CarND/Part 2/CarND-Kidnapped-Vehicle-Project-master/CMakeLists.txt */,
                     );
                     name = ALL_BUILD;
                     sourceTree = "<group>";
              };
              6F4C905096414099A039EFC4 /* CMake Rules */ = {
                     isa = PBXGroup;
                     children = (
                     );
                     name = "CMake Rules";
                     sourceTree = "<group>";
              };
              F0A722AF7C3F4B59910D8B71 /* ZERO_CHECK */ = {
                     isa = PBXGroup;
                     children = (
                            CAFAD4ECA44C45E69CCAF160 /* CMake Rules */,
                            33A84D2677D045578A5C15DB /* /Users/kevinlu/Documents/Learning/Udacity-Self-Driving-CarND/Part 2/CarND-Kidnapped-Vehicle-Project-master/CMakeLists.txt */,
                     );
                     name = ZERO_CHECK;
                     sourceTree = "<group>";
              };
              CAFAD4ECA44C45E69CCAF160 /* CMake Rules */ = {
                     isa = PBXGroup;
                     children = (
                     );
                     name = "CMake Rules";
                     sourceTree = "<group>";
              };
              87A2C523B46B4FF386FA61C9 /* particle_filter */ = {
                     isa = PBXGroup;
                     children = (
                            1F39EB4C456D495B80834817 /* Source Files */,
                            3A6F862B94C14811B044D44E /* /Users/kevinlu/Documents/Learning/Udacity-Self-Driving-CarND/Part 2/CarND-Kidnapped-Vehicle-Project-master/CMakeLists.txt */,
                     );
                     name = particle_filter;
                     sourceTree = "<group>";
              };
              1F39EB4C456D495B80834817 /* Source Files */ = {
                     isa = PBXGroup;
                     children = (
                            2285733563844163BC63CED4 /* /Users/kevinlu/Documents/Learning/Udacity-Self-Driving-CarND/Part 2/CarND-Kidnapped-Vehicle-Project-master/src/main.cpp */,
                            2729F9F2A3E54FA0B5293FC6 /* /Users/kevinlu/Documents/Learning/Udacity-Self-Driving-CarND/Part 2/CarND-Kidnapped-Vehicle-Project-master/src/particle_filter.cpp */,
                     );
                     name = "Source Files";
                     sourceTree = "<group>";
              };
              CEB7F82A96B743E89D006A32 /* Products */ = {
                     isa = PBXGroup;
                     children = (
                            22EA3916656744279525D28C /* particle_filter */,
                     );
                     name = Products;
                     sourceTree = "<group>";
              };
/* End PBXGroup section */

/* Begin PBXNativeTarget section */
              7271BB0D2E4F4B3DA74856A0 /* particle_filter */ = {
                     isa = PBXNativeTarget;
                     buildConfigurationList = D95040EFB82B409B8CC39A06 /* Build configuration list for PBXNativeTarget "particle_filter" */;
                     buildPhases = (
                            6166A17DD8DC4CCDBAB230FE /* Sources */,
                     );
                     buildRules = (
                     );
                     dependencies = (
                            EA10689B831A4EC29759ADFC /* PBXTargetDependency */,
                     );
                     name = particle_filter;
                     productName = particle_filter;
                     productReference = 22EA3916656744279525D28C /* particle_filter */;
                     productType = "com.apple.product-type.tool";
              };
/* End PBXNativeTarget section */

/* Begin PBXProject section */
              1C90CDC30B174F07A0E9ADC9 /* Project object */ = {
                     isa = PBXProject;
                     attributes = {
                            BuildIndependentTargetsInParallel = YES;
                     };
                     buildConfigurationList = 1C9A3B6FDCDB43518F487844 /* Build configuration list for PBXProject  "PARTICLE_FILTER" */;
                     buildSettings = {
                     };
                     buildStyles = (
                            14044D94004144C8BDDB9F08 /* Debug */,
                            FA50CA954E2E449B85EB6793 /* Release */,
                            47A2C8CFD68F43EA9D702029 /* MinSizeRel */,
                            4018F6E63B684279A8067958 /* RelWithDebInfo */,
                     );
                     compatibilityVersion = "Xcode 3.2";
                     hasScannedForEncodings = 0;
                     mainGroup = 85CF72C8C3E84A849176748A;
                     projectDirPath = "../..";
                     projectRoot = "";
                     targets = (
                            3E56ECE7B0BF4160BA84C665 /* ALL_BUILD */,
                            0A878581EFCC4CE78E82C38A /* ZERO_CHECK */,
                            7271BB0D2E4F4B3DA74856A0 /* particle_filter */,
                     );
              };
/* End PBXProject section */

/* Begin PBXShellScriptBuildPhase section */
              24EDA8D073394349A09831F9 /*  */ = {
                     isa = PBXShellScriptBuildPhase;
                     buildActionMask = 2147483647;
                     files = (
                     );
                     inputPaths = (
                     );
                     outputPaths = (
                     );
                     runOnlyForDeploymentPostprocessing = 0;
                     shellPath = /bin/sh;
                     shellScript = "# shell script goes here
exit 0";
                     showEnvVarsInLog = 0;
              };
              A3DBBE23B3774D7782E10770 /* CMake Rules */ = {
                     isa = PBXShellScriptBuildPhase;
                     buildActionMask = 2147483647;
                     files = (
                     );
                     name = "CMake Rules";
                     runOnlyForDeploymentPostprocessing = 0;
                     shellPath = /bin/sh;
                     shellScript = "make -C /Users/kevinlu/Documents/Learning/Udacity-Self-Driving-CarND/Part\\ 2/CarND-Kidnapped-Vehicle-Project-master/ide_profiles/xcode -f /Users/kevinlu/Documents/Learning/Udacity-Self-Driving-CarND/Part\\ 2/CarND-Kidnapped-Vehicle-Project-master/ide_profiles/xcode/CMakeScripts/ALL_BUILD_cmakeRulesBuildPhase.make$CONFIGURATION all";
                     showEnvVarsInLog = 0;
              };
              F5B1C57264E14DA18B5FDF8A /*  */ = {
                     isa = PBXShellScriptBuildPhase;
                     buildActionMask = 2147483647;
                     files = (
                     );
                     inputPaths = (
                     );
                     outputPaths = (
                     );
                     runOnlyForDeploymentPostprocessing = 0;
                     shellPath = /bin/sh;
                     shellScript = "# shell script goes here
exit 0";
                     showEnvVarsInLog = 0;
              };
              F05B77F8EE8F4B17A6586E9C /* CMake Rules */ = {
                     isa = PBXShellScriptBuildPhase;
                     buildActionMask = 2147483647;
                     files = (
                     );
                     name = "CMake Rules";
                     runOnlyForDeploymentPostprocessing = 0;
                     shellPath = /bin/sh;
                     shellScript = "make -C /Users/kevinlu/Documents/Learning/Udacity-Self-Driving-CarND/Part\\ 2/CarND-Kidnapped-Vehicle-Project-master/ide_profiles/xcode -f /Users/kevinlu/Documents/Learning/Udacity-Self-Driving-CarND/Part\\ 2/CarND-Kidnapped-Vehicle-Project-master/ide_profiles/xcode/CMakeScripts/ZERO_CHECK_cmakeRulesBuildPhase.make$CONFIGURATION all";
                     showEnvVarsInLog = 0;
              };
/* End PBXShellScriptBuildPhase section */

/* Begin PBXSourcesBuildPhase section */
              6166A17DD8DC4CCDBAB230FE /* Sources */ = {
                     isa = PBXSourcesBuildPhase;
                     buildActionMask = 2147483647;
                     files = (
                            81D2A429BEAB4E56B1E35721 /* /Users/kevinlu/Documents/Learning/Udacity-Self-Driving-CarND/Part 2/CarND-Kidnapped-Vehicle-Project-master/src/main.cpp */,
                            4403DB496ABF4757BB5427DF /* /Users/kevinlu/Documents/Learning/Udacity-Self-Driving-CarND/Part 2/CarND-Kidnapped-Vehicle-Project-master/src/particle_filter.cpp */,
                     );
                     runOnlyForDeploymentPostprocessing = 0;
              };
/* End PBXSourcesBuildPhase section */

/* Begin PBXTargetDependency section */
              3D54523479A1410C93D081C4 /* PBXTargetDependency */ = {
                     isa = PBXTargetDependency;
                     target = 7271BB0D2E4F4B3DA74856A0 /* particle_filter */;
                     targetProxy = 9E1B838559E44018BD7D12E2 /* PBXContainerItemProxy */;
              };
              438580D306D444F39C3905DE /* PBXTargetDependency */ = {
                     isa = PBXTargetDependency;
                     target = 0A878581EFCC4CE78E82C38A /* ZERO_CHECK */;
                     targetProxy = CBEC7BA0E49A4CA1BE728993 /* PBXContainerItemProxy */;
              };
              EA10689B831A4EC29759ADFC /* PBXTargetDependency */ = {
                     isa = PBXTargetDependency;
                     target = 0A878581EFCC4CE78E82C38A /* ZERO_CHECK */;
                     targetProxy = 482134B3AC684BA6B1025D96 /* PBXContainerItemProxy */;
              };
/* End PBXTargetDependency section */

/* Begin XCBuildConfiguration section */
              4E73C103F1A1456581400D75 /* Debug */ = {
                     isa = XCBuildConfiguration;
                     buildSettings = {
                            ARCHS = "$(ARCHS_STANDARD_32_64_BIT)";
                            ONLY_ACTIVE_ARCH = YES;
                            SDKROOT = "/Applications/Xcode.app/Contents/Developer/Platforms/MacOSX.platform/Developer/SDKs/MacOSX10.12.sdk";
                            SYMROOT = "/Users/kevinlu/Documents/Learning/Udacity-Self-Driving-CarND/Part 2/CarND-Kidnapped-Vehicle-Project-master/ide_profiles/xcode/build";
                     };
                     name = Debug;
              };
              ABDC4240C80947A59DC8BFFD /* Release */ = {
                     isa = XCBuildConfiguration;
                     buildSettings = {
                            ARCHS = "$(ARCHS_STANDARD_32_64_BIT)";
                            ONLY_ACTIVE_ARCH = YES;
                            SDKROOT = "/Applications/Xcode.app/Contents/Developer/Platforms/MacOSX.platform/Developer/SDKs/MacOSX10.12.sdk";
                            SYMROOT = "/Users/kevinlu/Documents/Learning/Udacity-Self-Driving-CarND/Part 2/CarND-Kidnapped-Vehicle-Project-master/ide_profiles/xcode/build";
                     };
                     name = Release;
              };
              B9B2A617601442E7A8151E71 /* MinSizeRel */ = {
                     isa = XCBuildConfiguration;
                     buildSettings = {
                            ARCHS = "$(ARCHS_STANDARD_32_64_BIT)";
                            ONLY_ACTIVE_ARCH = YES;
                            SDKROOT = "/Applications/Xcode.app/Contents/Developer/Platforms/MacOSX.platform/Developer/SDKs/MacOSX10.12.sdk";
                            SYMROOT = "/Users/kevinlu/Documents/Learning/Udacity-Self-Driving-CarND/Part 2/CarND-Kidnapped-Vehicle-Project-master/ide_profiles/xcode/build";
                     };
                     name = MinSizeRel;
              };
              4BF92AC46D4B44B3AAF61C88 /* RelWithDebInfo */ = {
                     isa = XCBuildConfiguration;
                     buildSettings = {
                            ARCHS = "$(ARCHS_STANDARD_32_64_BIT)";
                            ONLY_ACTIVE_ARCH = YES;
                            SDKROOT = "/Applications/Xcode.app/Contents/Developer/Platforms/MacOSX.platform/Developer/SDKs/MacOSX10.12.sdk";
                            SYMROOT = "/Users/kevinlu/Documents/Learning/Udacity-Self-Driving-CarND/Part 2/CarND-Kidnapped-Vehicle-Project-master/ide_profiles/xcode/build";
                     };
                     name = RelWithDebInfo;
              };
              7AD903892FC1465080A9E378 /* Debug */ = {
                     isa = XCBuildConfiguration;
                     buildSettings = {
                            COMBINE_HIDPI_IMAGES = YES;
                            GCC_GENERATE_DEBUGGING_SYMBOLS = NO;
                            GCC_INLINES_ARE_PRIVATE_EXTERN = NO;
                            GCC_OPTIMIZATION_LEVEL = 0;
                            GCC_PREPROCESSOR_DEFINITIONS = ("'CMAKE_INTDIR=\"$(CONFIGURATION)$(EFFECTIVE_PLATFORM_NAME)\"'", );
                            GCC_SYMBOLS_PRIVATE_EXTERN = NO;
                            INSTALL_PATH = "";
                            OTHER_CFLAGS = "  ";
                            OTHER_LDFLAGS = " ";
                            OTHER_REZFLAGS = "";
                            PRODUCT_NAME = ALL_BUILD;
                            SECTORDER_FLAGS = "";
                            SYMROOT = "/Users/kevinlu/Documents/Learning/Udacity-Self-Driving-CarND/Part 2/CarND-Kidnapped-Vehicle-Project-master/ide_profiles/xcode";
                            USE_HEADERMAP = NO;
                            WARNING_CFLAGS = ("-Wmost", "-Wno-four-char-constants", "-Wno-unknown-pragmas", );
                     };
                     name = Debug;
              };
              9BDFCDAAF21841CF8AC96759 /* Release */ = {
                     isa = XCBuildConfiguration;
                     buildSettings = {
                            COMBINE_HIDPI_IMAGES = YES;
                            GCC_GENERATE_DEBUGGING_SYMBOLS = NO;
                            GCC_INLINES_ARE_PRIVATE_EXTERN = NO;
                            GCC_OPTIMIZATION_LEVEL = 0;
                            GCC_PREPROCESSOR_DEFINITIONS = ("'CMAKE_INTDIR=\"$(CONFIGURATION)$(EFFECTIVE_PLATFORM_NAME)\"'", );
                            GCC_SYMBOLS_PRIVATE_EXTERN = NO;
                            INSTALL_PATH = "";
                            OTHER_CFLAGS = "  ";
                            OTHER_LDFLAGS = " ";
                            OTHER_REZFLAGS = "";
                            PRODUCT_NAME = ALL_BUILD;
                            SECTORDER_FLAGS = "";
                            SYMROOT = "/Users/kevinlu/Documents/Learning/Udacity-Self-Driving-CarND/Part 2/CarND-Kidnapped-Vehicle-Project-master/ide_profiles/xcode";
                            USE_HEADERMAP = NO;
                            WARNING_CFLAGS = ("-Wmost", "-Wno-four-char-constants", "-Wno-unknown-pragmas", );
                     };
                     name = Release;
              };
              5953840ED09048EAAE51D506 /* MinSizeRel */ = {
                     isa = XCBuildConfiguration;
                     buildSettings = {
                            COMBINE_HIDPI_IMAGES = YES;
                            GCC_GENERATE_DEBUGGING_SYMBOLS = NO;
                            GCC_INLINES_ARE_PRIVATE_EXTERN = NO;
                            GCC_OPTIMIZATION_LEVEL = 0;
                            GCC_PREPROCESSOR_DEFINITIONS = ("'CMAKE_INTDIR=\"$(CONFIGURATION)$(EFFECTIVE_PLATFORM_NAME)\"'", );
                            GCC_SYMBOLS_PRIVATE_EXTERN = NO;
                            INSTALL_PATH = "";
                            OTHER_CFLAGS = "  ";
                            OTHER_LDFLAGS = " ";
                            OTHER_REZFLAGS = "";
                            PRODUCT_NAME = ALL_BUILD;
                            SECTORDER_FLAGS = "";
                            SYMROOT = "/Users/kevinlu/Documents/Learning/Udacity-Self-Driving-CarND/Part 2/CarND-Kidnapped-Vehicle-Project-master/ide_profiles/xcode";
                            USE_HEADERMAP = NO;
                            WARNING_CFLAGS = ("-Wmost", "-Wno-four-char-constants", "-Wno-unknown-pragmas", );
                     };
                     name = MinSizeRel;
              };
              F3C112B0362449E8BE59634E /* RelWithDebInfo */ = {
                     isa = XCBuildConfiguration;
                     buildSettings = {
                            COMBINE_HIDPI_IMAGES = YES;
                            GCC_GENERATE_DEBUGGING_SYMBOLS = NO;
                            GCC_INLINES_ARE_PRIVATE_EXTERN = NO;
                            GCC_OPTIMIZATION_LEVEL = 0;
                            GCC_PREPROCESSOR_DEFINITIONS = ("'CMAKE_INTDIR=\"$(CONFIGURATION)$(EFFECTIVE_PLATFORM_NAME)\"'", );
                            GCC_SYMBOLS_PRIVATE_EXTERN = NO;
                            INSTALL_PATH = "";
                            OTHER_CFLAGS = "  ";
                            OTHER_LDFLAGS = " ";
                            OTHER_REZFLAGS = "";
                            PRODUCT_NAME = ALL_BUILD;
                            SECTORDER_FLAGS = "";
                            SYMROOT = "/Users/kevinlu/Documents/Learning/Udacity-Self-Driving-CarND/Part 2/CarND-Kidnapped-Vehicle-Project-master/ide_profiles/xcode";
                            USE_HEADERMAP = NO;
                            WARNING_CFLAGS = ("-Wmost", "-Wno-four-char-constants", "-Wno-unknown-pragmas", );
                     };
                     name = RelWithDebInfo;
              };
              F9F3B15B13F24126A91E9314 /* Debug */ = {
                     isa = XCBuildConfiguration;
                     buildSettings = {
                            COMBINE_HIDPI_IMAGES = YES;
                            GCC_GENERATE_DEBUGGING_SYMBOLS = NO;
                            GCC_INLINES_ARE_PRIVATE_EXTERN = NO;
                            GCC_OPTIMIZATION_LEVEL = 0;
                            GCC_PREPROCESSOR_DEFINITIONS = ("'CMAKE_INTDIR=\"$(CONFIGURATION)$(EFFECTIVE_PLATFORM_NAME)\"'", );
                            GCC_SYMBOLS_PRIVATE_EXTERN = NO;
                            INSTALL_PATH = "";
                            OTHER_CFLAGS = "  ";
                            OTHER_LDFLAGS = " ";
                            OTHER_REZFLAGS = "";
                            PRODUCT_NAME = ZERO_CHECK;
                            SECTORDER_FLAGS = "";
                            SYMROOT = "/Users/kevinlu/Documents/Learning/Udacity-Self-Driving-CarND/Part 2/CarND-Kidnapped-Vehicle-Project-master/ide_profiles/xcode";
                            USE_HEADERMAP = NO;
                            WARNING_CFLAGS = ("-Wmost", "-Wno-four-char-constants", "-Wno-unknown-pragmas", );
                     };
                     name = Debug;
              };
              660EA7B6B4DC49EEBCF95B82 /* Release */ = {
                     isa = XCBuildConfiguration;
                     buildSettings = {
                            COMBINE_HIDPI_IMAGES = YES;
                            GCC_GENERATE_DEBUGGING_SYMBOLS = NO;
                            GCC_INLINES_ARE_PRIVATE_EXTERN = NO;
                            GCC_OPTIMIZATION_LEVEL = 0;
                            GCC_PREPROCESSOR_DEFINITIONS = ("'CMAKE_INTDIR=\"$(CONFIGURATION)$(EFFECTIVE_PLATFORM_NAME)\"'", );
                            GCC_SYMBOLS_PRIVATE_EXTERN = NO;
                            INSTALL_PATH = "";
                            OTHER_CFLAGS = "  ";
                            OTHER_LDFLAGS = " ";
                            OTHER_REZFLAGS = "";
                            PRODUCT_NAME = ZERO_CHECK;
                            SECTORDER_FLAGS = "";
                            SYMROOT = "/Users/kevinlu/Documents/Learning/Udacity-Self-Driving-CarND/Part 2/CarND-Kidnapped-Vehicle-Project-master/ide_profiles/xcode";
                            USE_HEADERMAP = NO;
                            WARNING_CFLAGS = ("-Wmost", "-Wno-four-char-constants", "-Wno-unknown-pragmas", );
                     };
                     name = Release;
              };
              D3299F07412B4218B17D6411 /* MinSizeRel */ = {
                     isa = XCBuildConfiguration;
                     buildSettings = {
                            COMBINE_HIDPI_IMAGES = YES;
                            GCC_GENERATE_DEBUGGING_SYMBOLS = NO;
                            GCC_INLINES_ARE_PRIVATE_EXTERN = NO;
                            GCC_OPTIMIZATION_LEVEL = 0;
                            GCC_PREPROCESSOR_DEFINITIONS = ("'CMAKE_INTDIR=\"$(CONFIGURATION)$(EFFECTIVE_PLATFORM_NAME)\"'", );
                            GCC_SYMBOLS_PRIVATE_EXTERN = NO;
                            INSTALL_PATH = "";
                            OTHER_CFLAGS = "  ";
                            OTHER_LDFLAGS = " ";
                            OTHER_REZFLAGS = "";
                            PRODUCT_NAME = ZERO_CHECK;
                            SECTORDER_FLAGS = "";
                            SYMROOT = "/Users/kevinlu/Documents/Learning/Udacity-Self-Driving-CarND/Part 2/CarND-Kidnapped-Vehicle-Project-master/ide_profiles/xcode";
                            USE_HEADERMAP = NO;
                            WARNING_CFLAGS = ("-Wmost", "-Wno-four-char-constants", "-Wno-unknown-pragmas", );
                     };
                     name = MinSizeRel;
              };
              2385F9628F61406093DDCFB4 /* RelWithDebInfo */ = {
                     isa = XCBuildConfiguration;
                     buildSettings = {
                            COMBINE_HIDPI_IMAGES = YES;
                            GCC_GENERATE_DEBUGGING_SYMBOLS = NO;
                            GCC_INLINES_ARE_PRIVATE_EXTERN = NO;
                            GCC_OPTIMIZATION_LEVEL = 0;
                            GCC_PREPROCESSOR_DEFINITIONS = ("'CMAKE_INTDIR=\"$(CONFIGURATION)$(EFFECTIVE_PLATFORM_NAME)\"'", );
                            GCC_SYMBOLS_PRIVATE_EXTERN = NO;
                            INSTALL_PATH = "";
                            OTHER_CFLAGS = "  ";
                            OTHER_LDFLAGS = " ";
                            OTHER_REZFLAGS = "";
                            PRODUCT_NAME = ZERO_CHECK;
                            SECTORDER_FLAGS = "";
                            SYMROOT = "/Users/kevinlu/Documents/Learning/Udacity-Self-Driving-CarND/Part 2/CarND-Kidnapped-Vehicle-Project-master/ide_profiles/xcode";
                            USE_HEADERMAP = NO;
                            WARNING_CFLAGS = ("-Wmost", "-Wno-four-char-constants", "-Wno-unknown-pragmas", );
                     };
                     name = RelWithDebInfo;
              };
              32F91F0F19C44433B8C2BB5E /* Debug */ = {
                     isa = XCBuildConfiguration;
                     buildSettings = {
                            COMBINE_HIDPI_IMAGES = YES;
                            EXECUTABLE_PREFIX = "";
                            EXECUTABLE_SUFFIX = "";
                            GCC_GENERATE_DEBUGGING_SYMBOLS = YES;
                            GCC_INLINES_ARE_PRIVATE_EXTERN = NO;
                            GCC_OPTIMIZATION_LEVEL = 0;
                            GCC_PREPROCESSOR_DEFINITIONS = ("'CMAKE_INTDIR=\"$(CONFIGURATION)$(EFFECTIVE_PLATFORM_NAME)\"'", );
                            GCC_SYMBOLS_PRIVATE_EXTERN = NO;
                            INSTALL_PATH = "";
                            LIBRARY_SEARCH_PATHS = "";
                            OTHER_CFLAGS = "    ";
                            OTHER_CPLUSPLUSFLAGS = "    ";
                            OTHER_LDFLAGS = "  -Wl,-search_paths_first -Wl,-headerpad_max_install_names  ";
                            OTHER_REZFLAGS = "";
                            PRODUCT_NAME = particle_filter;
                            SECTORDER_FLAGS = "";
                            SYMROOT = "/Users/kevinlu/Documents/Learning/Udacity-Self-Driving-CarND/Part 2/CarND-Kidnapped-Vehicle-Project-master/ide_profiles/xcode";
                            USE_HEADERMAP = NO;
                            WARNING_CFLAGS = ("-Wmost", "-Wno-four-char-constants", "-Wno-unknown-pragmas", );
                     };
                     name = Debug;
              };
              F768E7F3C0D94BDCAB0B1E2A /* Release */ = {
                     isa = XCBuildConfiguration;
                     buildSettings = {
                            COMBINE_HIDPI_IMAGES = YES;
                            EXECUTABLE_PREFIX = "";
                            EXECUTABLE_SUFFIX = "";
                            GCC_GENERATE_DEBUGGING_SYMBOLS = NO;
                            GCC_INLINES_ARE_PRIVATE_EXTERN = NO;
                            GCC_OPTIMIZATION_LEVEL = 3;
                            GCC_PREPROCESSOR_DEFINITIONS = ("'CMAKE_INTDIR=\"$(CONFIGURATION)$(EFFECTIVE_PLATFORM_NAME)\"'", );
                            GCC_SYMBOLS_PRIVATE_EXTERN = NO;
                            INSTALL_PATH = "";
                            LIBRARY_SEARCH_PATHS = "";
                            OTHER_CFLAGS = "    -DNDEBUG  ";
                            OTHER_CPLUSPLUSFLAGS = "    -DNDEBUG  ";
                            OTHER_LDFLAGS = "  -Wl,-search_paths_first -Wl,-headerpad_max_install_names  ";
                            OTHER_REZFLAGS = "";
                            PRODUCT_NAME = particle_filter;
                            SECTORDER_FLAGS = "";
                            SYMROOT = "/Users/kevinlu/Documents/Learning/Udacity-Self-Driving-CarND/Part 2/CarND-Kidnapped-Vehicle-Project-master/ide_profiles/xcode";
                            USE_HEADERMAP = NO;
                            WARNING_CFLAGS = ("-Wmost", "-Wno-four-char-constants", "-Wno-unknown-pragmas", );
                     };
                     name = Release;
              };
              70DC021F92D848C0817E49CA /* MinSizeRel */ = {
                     isa = XCBuildConfiguration;
                     buildSettings = {
                            COMBINE_HIDPI_IMAGES = YES;
                            EXECUTABLE_PREFIX = "";
                            EXECUTABLE_SUFFIX = "";
                            GCC_GENERATE_DEBUGGING_SYMBOLS = NO;
                            GCC_INLINES_ARE_PRIVATE_EXTERN = NO;
                            GCC_OPTIMIZATION_LEVEL = s;
                            GCC_PREPROCESSOR_DEFINITIONS = ("'CMAKE_INTDIR=\"$(CONFIGURATION)$(EFFECTIVE_PLATFORM_NAME)\"'", );
                            GCC_SYMBOLS_PRIVATE_EXTERN = NO;
                            INSTALL_PATH = "";
                            LIBRARY_SEARCH_PATHS = "";
                            OTHER_CFLAGS = "    -DNDEBUG  ";
                            OTHER_CPLUSPLUSFLAGS = "    -DNDEBUG  ";
                            OTHER_LDFLAGS = "  -Wl,-search_paths_first -Wl,-headerpad_max_install_names  ";
                            OTHER_REZFLAGS = "";
                            PRODUCT_NAME = particle_filter;
                            SECTORDER_FLAGS = "";
                            SYMROOT = "/Users/kevinlu/Documents/Learning/Udacity-Self-Driving-CarND/Part 2/CarND-Kidnapped-Vehicle-Project-master/ide_profiles/xcode";
                            USE_HEADERMAP = NO;
                            WARNING_CFLAGS = ("-Wmost", "-Wno-four-char-constants", "-Wno-unknown-pragmas", );
                     };
                     name = MinSizeRel;
              };
              B341F0B01049403383D34F65 /* RelWithDebInfo */ = {
                     isa = XCBuildConfiguration;
                     buildSettings = {
                            COMBINE_HIDPI_IMAGES = YES;
                            EXECUTABLE_PREFIX = "";
                            EXECUTABLE_SUFFIX = "";
                            GCC_GENERATE_DEBUGGING_SYMBOLS = YES;
                            GCC_INLINES_ARE_PRIVATE_EXTERN = NO;
                            GCC_OPTIMIZATION_LEVEL = 2;
                            GCC_PREPROCESSOR_DEFINITIONS = ("'CMAKE_INTDIR=\"$(CONFIGURATION)$(EFFECTIVE_PLATFORM_NAME)\"'", );
                            GCC_SYMBOLS_PRIVATE_EXTERN = NO;
                            INSTALL_PATH = "";
                            LIBRARY_SEARCH_PATHS = "";
                            OTHER_CFLAGS = "       -DNDEBUG  ";
                            OTHER_CPLUSPLUSFLAGS = "       -DNDEBUG  ";
                            OTHER_LDFLAGS = "  -Wl,-search_paths_first -Wl,-headerpad_max_install_names  ";
                            OTHER_REZFLAGS = "";
                            PRODUCT_NAME = particle_filter;
                            SECTORDER_FLAGS = "";
                            SYMROOT = "/Users/kevinlu/Documents/Learning/Udacity-Self-Driving-CarND/Part 2/CarND-Kidnapped-Vehicle-Project-master/ide_profiles/xcode";
                            USE_HEADERMAP = NO;
                            WARNING_CFLAGS = ("-Wmost", "-Wno-four-char-constants", "-Wno-unknown-pragmas", );
                     };
                     name = RelWithDebInfo;
              };
/* End XCBuildConfiguration section */

/* Begin XCConfigurationList section */
              1C9A3B6FDCDB43518F487844 /* Build configuration list for PBXProject  "PARTICLE_FILTER" */ = {
                     isa = XCConfigurationList;
                     buildConfigurations = (
                            4E73C103F1A1456581400D75 /* Debug */,
                            ABDC4240C80947A59DC8BFFD /* Release */,
                            B9B2A617601442E7A8151E71 /* MinSizeRel */,
                            4BF92AC46D4B44B3AAF61C88 /* RelWithDebInfo */,
                     );
                     defaultConfigurationIsVisible = 0;
                     defaultConfigurationName = Debug;
              };
              D266ABBAB7EF423EA66EA935 /* Build configuration list for PBXAggregateTarget "ALL_BUILD" */ = {
                     isa = XCConfigurationList;
                     buildConfigurations = (
                            7AD903892FC1465080A9E378 /* Debug */,
                            9BDFCDAAF21841CF8AC96759 /* Release */,
                            5953840ED09048EAAE51D506 /* MinSizeRel */,
                            F3C112B0362449E8BE59634E /* RelWithDebInfo */,
                     );
                     defaultConfigurationIsVisible = 0;
                     defaultConfigurationName = Debug;
              };
              4B23B79D687E4F73925BB3A7 /* Build configuration list for PBXAggregateTarget "ZERO_CHECK" */ = {
                     isa = XCConfigurationList;
                     buildConfigurations = (
                            F9F3B15B13F24126A91E9314 /* Debug */,
                            660EA7B6B4DC49EEBCF95B82 /* Release */,
                            D3299F07412B4218B17D6411 /* MinSizeRel */,
                            2385F9628F61406093DDCFB4 /* RelWithDebInfo */,
                     );
                     defaultConfigurationIsVisible = 0;
                     defaultConfigurationName = Debug;
              };
              D95040EFB82B409B8CC39A06 /* Build configuration list for PBXNativeTarget "particle_filter" */ = {
                     isa = XCConfigurationList;
                     buildConfigurations = (
                            32F91F0F19C44433B8C2BB5E /* Debug */,
                            F768E7F3C0D94BDCAB0B1E2A /* Release */,
                            70DC021F92D848C0817E49CA /* MinSizeRel */,
                            B341F0B01049403383D34F65 /* RelWithDebInfo */,
                     );
                     defaultConfigurationIsVisible = 0;
                     defaultConfigurationName = Debug;
              };
/* End XCConfigurationList section */
       };
       rootObject = 1C90CDC30B174F07A0E9ADC9;
}
